<?xml version="1.0"?>
<!DOCTYPE Code::Blocks_project_file>
<Code::Blocks_project_file>
	<FileVersion major="1" minor="1"/>
	<Project>
		<Option title="yakeData"/>
		<Option makefile="Makefile"/>
		<Option makefile_is_custom="0"/>
		<Option compiler="0"/>
		<Build>
			<Target title="release">
				<Option output="data.dll"/>
				<Option working_dir=""/>
				<Option object_output=".objs"/>
				<Option deps_output=".deps"/>
				<Option external_deps=""/>
				<Option type="3"/>
				<Option compiler="0"/>
				<Option createStaticLib="1"/>
				<Compiler>
					<Add directory="..\..\yake"/>
					<Add directory="..\dependencies"/>
					<Add directory="..\dependencies\ttl"/>
				</Compiler>
				<Linker>
					<Add library="F:\dev\yake\scripts_cb\libyakebase.a"/>
				</Linker>
			</Target>
		</Build>
		<Compiler>
			<Add option="-fpermissive"/>
			<Add option="-DBUILD_DLL"/>
		</Compiler>
		<Unit filename="..\dependencies\tinyxml\tinystr.cpp">
			<Option compilerVar="CPP"/>
			<Option target="release"/>
		</Unit>
		<Unit filename="..\dependencies\tinyxml\tinystr.h">
			<Option compilerVar=""/>
			<Option compile="0"/>
			<Option link="0"/>
			<Option target="release"/>
		</Unit>
		<Unit filename="..\dependencies\tinyxml\tinyxml.cpp">
			<Option compilerVar="CPP"/>
			<Option target="release"/>
		</Unit>
		<Unit filename="..\dependencies\tinyxml\tinyxml.h">
			<Option compilerVar=""/>
			<Option compile="0"/>
			<Option link="0"/>
			<Option target="release"/>
		</Unit>
		<Unit filename="..\dependencies\tinyxml\tinyxmlerror.cpp">
			<Option compilerVar="CPP"/>
			<Option target="release"/>
		</Unit>
		<Unit filename="..\dependencies\tinyxml\tinyxmlparser.cpp">
			<Option compilerVar="CPP"/>
			<Option target="release"/>
		</Unit>
		<Unit filename="..\src\yake\data\yakePCH.cpp">
			<Option compilerVar="CPP"/>
			<Option target="release"/>
		</Unit>
		<Unit filename="..\src\yake\data\yakeXMLSerializer.cpp">
			<Option compilerVar="CPP"/>
			<Option target="release"/>
		</Unit>
		<Unit filename="..\yake\data\yakeData.h">
			<Option compilerVar=""/>
			<Option compile="0"/>
			<Option link="0"/>
			<Option target="release"/>
		</Unit>
		<Unit filename="..\yake\data\yakeDataPrerequisites.h">
			<Option compilerVar=""/>
			<Option compile="0"/>
			<Option link="0"/>
			<Option target="release"/>
		</Unit>
		<Unit filename="..\yake\data\yakeDataSerializer.h">
			<Option compilerVar=""/>
			<Option compile="0"/>
			<Option link="0"/>
			<Option target="release"/>
		</Unit>
		<Unit filename="..\yake\data\yakePCH.h">
			<Option compilerVar=""/>
			<Option compile="0"/>
			<Option link="0"/>
			<Option target="release"/>
		</Unit>
		<Unit filename="..\yake\data\yakeXMLSerializer.h">
			<Option compilerVar=""/>
			<Option compile="0"/>
			<Option link="0"/>
			<Option target="release"/>
		</Unit>
	</Project>
</Code::Blocks_project_file>
