Microsoft Visual Studio Solution File, Format Version 8.00
Project("{8BC9CEB8-8B4A-11D0-8D11-00A0C91BC942}") = "yapp", "yapp.vcproj", "{F1116FDF-65C1-4788-AC1F-F339279B937A}"
	ProjectSection(ProjectDependencies) = postProject
	EndProjectSection
EndProject
Project("{8BC9CEB8-8B4A-11D0-8D11-00A0C91BC942}") = "samplesEvents", "samples\base\samplesEvents.vcproj", "{CD6F13A0-F399-411A-9766-0F8E02761D90}"
	ProjectSection(ProjectDependencies) = postProject
	EndProjectSection
EndProject
Project("{8BC9CEB8-8B4A-11D0-8D11-00A0C91BC942}") = "samplesDotScene", "samples\graphics\samplesDotScene.vcproj", "{8E612AD0-68D1-445E-A31E-7CB1CCA18CA0}"
	ProjectSection(ProjectDependencies) = postProject
	EndProjectSection
EndProject
Project("{8BC9CEB8-8B4A-11D0-8D11-00A0C91BC942}") = "samplesStateMachine", "samples\state\samplesStateMachine.vcproj", "{84F0FA89-EB3D-47D6-9C6E-628434AE2C70}"
	ProjectSection(ProjectDependencies) = postProject
	EndProjectSection
EndProject
Project("{8BC9CEB8-8B4A-11D0-8D11-00A0C91BC942}") = "samplesVehicle", "samples\base\samplesVehicle.vcproj", "{B9A9E534-6EB6-4667-B91B-74B930636F5E}"
	ProjectSection(ProjectDependencies) = postProject
	EndProjectSection
EndProject
Project("{8BC9CEB8-8B4A-11D0-8D11-00A0C91BC942}") = "ceguiOgreRendererAdapter", "plugins\gui\ceguiOgreRendererAdapter.vcproj", "{526DC299-3C9B-46ED-8C16-0490AE5CAE88}"
	ProjectSection(ProjectDependencies) = postProject
	EndProjectSection
EndProject
Project("{8BC9CEB8-8B4A-11D0-8D11-00A0C91BC942}") = "samplesDotLink", "samples\model\samplesDotLink.vcproj", "{1C76B4C7-8ECE-4C0D-81B4-B65707F96510}"
	ProjectSection(ProjectDependencies) = postProject
	EndProjectSection
EndProject
Project("{8BC9CEB8-8B4A-11D0-8D11-00A0C91BC942}") = "samplesXODE", "samples\model\samplesXODE.vcproj", "{0FCB117D-9915-40AE-A86D-99C3D6EB7B2C}"
	ProjectSection(ProjectDependencies) = postProject
	EndProjectSection
EndProject
Project("{8BC9CEB8-8B4A-11D0-8D11-00A0C91BC942}") = "sampleScripted", "samples\misc\sampleScripted.vcproj", "{6EA2B9BF-2FDA-4E31-BF17-C56709DFB4D4}"
	ProjectSection(ProjectDependencies) = postProject
	EndProjectSection
EndProject
Project("{8BC9CEB8-8B4A-11D0-8D11-00A0C91BC942}") = "ent", "ent.vcproj", "{B145E9A0-2656-4481-972A-39A6A0568F14}"
	ProjectSection(ProjectDependencies) = postProject
	EndProjectSection
EndProject
Project("{8BC9CEB8-8B4A-11D0-8D11-00A0C91BC942}") = "entLua", "plugins\ent\entLua.vcproj", "{3EEED188-5D62-476B-9CF3-022EBBAFFD12}"
	ProjectSection(ProjectDependencies) = postProject
	EndProjectSection
EndProject
Project("{8BC9CEB8-8B4A-11D0-8D11-00A0C91BC942}") = "entCommon", "plugins\ent\entCommon.vcproj", "{9E975777-551F-45F8-85FD-40BE6B0183A4}"
	ProjectSection(ProjectDependencies) = postProject
	EndProjectSection
EndProject
Global
	GlobalSection(SolutionConfiguration) = preSolution
		Debug = Debug
		Release = Release
	EndGlobalSection
	GlobalSection(ProjectConfiguration) = postSolution
		{F1116FDF-65C1-4788-AC1F-F339279B937A}.Debug.ActiveCfg = Debug|Win32
		{F1116FDF-65C1-4788-AC1F-F339279B937A}.Debug.Build.0 = Debug|Win32
		{F1116FDF-65C1-4788-AC1F-F339279B937A}.Release.ActiveCfg = Release|Win32
		{F1116FDF-65C1-4788-AC1F-F339279B937A}.Release.Build.0 = Release|Win32
		{CD6F13A0-F399-411A-9766-0F8E02761D90}.Debug.ActiveCfg = Debug|Win32
		{CD6F13A0-F399-411A-9766-0F8E02761D90}.Debug.Build.0 = Debug|Win32
		{CD6F13A0-F399-411A-9766-0F8E02761D90}.Release.ActiveCfg = Release|Win32
		{CD6F13A0-F399-411A-9766-0F8E02761D90}.Release.Build.0 = Release|Win32
		{8E612AD0-68D1-445E-A31E-7CB1CCA18CA0}.Debug.ActiveCfg = Debug|Win32
		{8E612AD0-68D1-445E-A31E-7CB1CCA18CA0}.Debug.Build.0 = Debug|Win32
		{8E612AD0-68D1-445E-A31E-7CB1CCA18CA0}.Release.ActiveCfg = Release|Win32
		{8E612AD0-68D1-445E-A31E-7CB1CCA18CA0}.Release.Build.0 = Release|Win32
		{84F0FA89-EB3D-47D6-9C6E-628434AE2C70}.Debug.ActiveCfg = Debug|Win32
		{84F0FA89-EB3D-47D6-9C6E-628434AE2C70}.Debug.Build.0 = Debug|Win32
		{84F0FA89-EB3D-47D6-9C6E-628434AE2C70}.Release.ActiveCfg = Release|Win32
		{84F0FA89-EB3D-47D6-9C6E-628434AE2C70}.Release.Build.0 = Release|Win32
		{B9A9E534-6EB6-4667-B91B-74B930636F5E}.Debug.ActiveCfg = Debug|Win32
		{B9A9E534-6EB6-4667-B91B-74B930636F5E}.Debug.Build.0 = Debug|Win32
		{B9A9E534-6EB6-4667-B91B-74B930636F5E}.Release.ActiveCfg = Release|Win32
		{B9A9E534-6EB6-4667-B91B-74B930636F5E}.Release.Build.0 = Release|Win32
		{526DC299-3C9B-46ED-8C16-0490AE5CAE88}.Debug.ActiveCfg = Debug|Win32
		{526DC299-3C9B-46ED-8C16-0490AE5CAE88}.Debug.Build.0 = Debug|Win32
		{526DC299-3C9B-46ED-8C16-0490AE5CAE88}.Release.ActiveCfg = Release|Win32
		{526DC299-3C9B-46ED-8C16-0490AE5CAE88}.Release.Build.0 = Release|Win32
		{1C76B4C7-8ECE-4C0D-81B4-B65707F96510}.Debug.ActiveCfg = Debug|Win32
		{1C76B4C7-8ECE-4C0D-81B4-B65707F96510}.Debug.Build.0 = Debug|Win32
		{1C76B4C7-8ECE-4C0D-81B4-B65707F96510}.Release.ActiveCfg = Release|Win32
		{1C76B4C7-8ECE-4C0D-81B4-B65707F96510}.Release.Build.0 = Release|Win32
		{0FCB117D-9915-40AE-A86D-99C3D6EB7B2C}.Debug.ActiveCfg = Debug|Win32
		{0FCB117D-9915-40AE-A86D-99C3D6EB7B2C}.Debug.Build.0 = Debug|Win32
		{0FCB117D-9915-40AE-A86D-99C3D6EB7B2C}.Release.ActiveCfg = Release|Win32
		{0FCB117D-9915-40AE-A86D-99C3D6EB7B2C}.Release.Build.0 = Release|Win32
		{6EA2B9BF-2FDA-4E31-BF17-C56709DFB4D4}.Debug.ActiveCfg = Debug|Win32
		{6EA2B9BF-2FDA-4E31-BF17-C56709DFB4D4}.Debug.Build.0 = Debug|Win32
		{6EA2B9BF-2FDA-4E31-BF17-C56709DFB4D4}.Release.ActiveCfg = Release|Win32
		{6EA2B9BF-2FDA-4E31-BF17-C56709DFB4D4}.Release.Build.0 = Release|Win32
		{B145E9A0-2656-4481-972A-39A6A0568F14}.Debug.ActiveCfg = Debug|Win32
		{B145E9A0-2656-4481-972A-39A6A0568F14}.Debug.Build.0 = Debug|Win32
		{B145E9A0-2656-4481-972A-39A6A0568F14}.Release.ActiveCfg = Release|Win32
		{B145E9A0-2656-4481-972A-39A6A0568F14}.Release.Build.0 = Release|Win32
		{3EEED188-5D62-476B-9CF3-022EBBAFFD12}.Debug.ActiveCfg = Debug|Win32
		{3EEED188-5D62-476B-9CF3-022EBBAFFD12}.Debug.Build.0 = Debug|Win32
		{3EEED188-5D62-476B-9CF3-022EBBAFFD12}.Release.ActiveCfg = Release|Win32
		{3EEED188-5D62-476B-9CF3-022EBBAFFD12}.Release.Build.0 = Release|Win32
		{9E975777-551F-45F8-85FD-40BE6B0183A4}.Debug.ActiveCfg = Debug|Win32
		{9E975777-551F-45F8-85FD-40BE6B0183A4}.Debug.Build.0 = Debug|Win32
		{9E975777-551F-45F8-85FD-40BE6B0183A4}.Release.ActiveCfg = Release|Win32
		{9E975777-551F-45F8-85FD-40BE6B0183A4}.Release.Build.0 = Release|Win32
	EndGlobalSection
	GlobalSection(ExtensibilityGlobals) = postSolution
	EndGlobalSection
	GlobalSection(ExtensibilityAddIns) = postSolution
	EndGlobalSection
EndGlobal
