Microsoft Visual Studio Solution File, Format Version 8.00
Project("{8BC9CEB8-8B4A-11D0-8D11-00A0C91BC942}") = "yapp", "yapp.vcproj", "{F1116FDF-65C1-4788-AC1F-F339279B937A}"
	ProjectSection(ProjectDependencies) = postProject
	EndProjectSection
EndProject
Project("{8BC9CEB8-8B4A-11D0-8D11-00A0C91BC942}") = "samplesVehicle", "samples\base\samplesVehicle.vcproj", "{B9A9E534-6EB6-4667-B91B-74B930636F5E}"
	ProjectSection(ProjectDependencies) = postProject
		{F1116FDF-65C1-4788-AC1F-F339279B937A} = {F1116FDF-65C1-4788-AC1F-F339279B937A}
	EndProjectSection
EndProject
Project("{8BC9CEB8-8B4A-11D0-8D11-00A0C91BC942}") = "samplesEvents", "samples\base\samplesEvents.vcproj", "{CD6F13A0-F399-411A-9766-0F8E02761D90}"
	ProjectSection(ProjectDependencies) = postProject
	EndProjectSection
EndProject
Project("{8BC9CEB8-8B4A-11D0-8D11-00A0C91BC942}") = "samplesObjects", "samples\base\samplesObjects.vcproj", "{C97DD6A6-A3E2-4549-921A-6F1071A70E4C}"
	ProjectSection(ProjectDependencies) = postProject
	EndProjectSection
EndProject
Project("{8BC9CEB8-8B4A-11D0-8D11-00A0C91BC942}") = "samplesGuiPlaypen", "samples\gui\samplesPlaypen.vcproj", "{DF2B771C-22AC-4484-8F6F-1A41700E2EC5}"
	ProjectSection(ProjectDependencies) = postProject
	EndProjectSection
EndProject
Project("{8BC9CEB8-8B4A-11D0-8D11-00A0C91BC942}") = "guiVisualOGRE", "plugins\gui\guiVisualOgre.vcproj", "{526DC299-3C9B-46ED-8C16-0490AE5CAE88}"
	ProjectSection(ProjectDependencies) = postProject
	EndProjectSection
EndProject
Global
	GlobalSection(SolutionConfiguration) = preSolution
		Debug = Debug
		Release = Release
	EndGlobalSection
	GlobalSection(ProjectConfiguration) = postSolution
		{F1116FDF-65C1-4788-AC1F-F339279B937A}.Debug.ActiveCfg = Debug|Win32
		{F1116FDF-65C1-4788-AC1F-F339279B937A}.Debug.Build.0 = Debug|Win32
		{F1116FDF-65C1-4788-AC1F-F339279B937A}.Release.ActiveCfg = Release|Win32
		{F1116FDF-65C1-4788-AC1F-F339279B937A}.Release.Build.0 = Release|Win32
		{B9A9E534-6EB6-4667-B91B-74B930636F5E}.Debug.ActiveCfg = Debug|Win32
		{B9A9E534-6EB6-4667-B91B-74B930636F5E}.Debug.Build.0 = Debug|Win32
		{B9A9E534-6EB6-4667-B91B-74B930636F5E}.Release.ActiveCfg = Release|Win32
		{B9A9E534-6EB6-4667-B91B-74B930636F5E}.Release.Build.0 = Release|Win32
		{CD6F13A0-F399-411A-9766-0F8E02761D90}.Debug.ActiveCfg = Debug|Win32
		{CD6F13A0-F399-411A-9766-0F8E02761D90}.Debug.Build.0 = Debug|Win32
		{CD6F13A0-F399-411A-9766-0F8E02761D90}.Release.ActiveCfg = Release|Win32
		{CD6F13A0-F399-411A-9766-0F8E02761D90}.Release.Build.0 = Release|Win32
		{C97DD6A6-A3E2-4549-921A-6F1071A70E4C}.Debug.ActiveCfg = Debug|Win32
		{C97DD6A6-A3E2-4549-921A-6F1071A70E4C}.Debug.Build.0 = Debug|Win32
		{C97DD6A6-A3E2-4549-921A-6F1071A70E4C}.Release.ActiveCfg = Release|Win32
		{C97DD6A6-A3E2-4549-921A-6F1071A70E4C}.Release.Build.0 = Release|Win32
		{DF2B771C-22AC-4484-8F6F-1A41700E2EC5}.Debug.ActiveCfg = Debug|Win32
		{DF2B771C-22AC-4484-8F6F-1A41700E2EC5}.Debug.Build.0 = Debug|Win32
		{DF2B771C-22AC-4484-8F6F-1A41700E2EC5}.Release.ActiveCfg = Release|Win32
		{DF2B771C-22AC-4484-8F6F-1A41700E2EC5}.Release.Build.0 = Release|Win32
		{526DC299-3C9B-46ED-8C16-0490AE5CAE88}.Debug.ActiveCfg = Debug|Win32
		{526DC299-3C9B-46ED-8C16-0490AE5CAE88}.Debug.Build.0 = Debug|Win32
		{526DC299-3C9B-46ED-8C16-0490AE5CAE88}.Release.ActiveCfg = Release|Win32
		{526DC299-3C9B-46ED-8C16-0490AE5CAE88}.Release.Build.0 = Release|Win32
	EndGlobalSection
	GlobalSection(ExtensibilityGlobals) = postSolution
	EndGlobalSection
	GlobalSection(ExtensibilityAddIns) = postSolution
	EndGlobalSection
EndGlobal
