Microsoft Visual Studio Solution File, Format Version 8.00
Project("{8BC9CEB8-8B4A-11D0-8D11-00A0C91BC942}") = "base", "base.vcproj", "{D29771DD-715F-452B-B71C-911BACF5956D}"
	ProjectSection(ProjectDependencies) = postProject
	EndProjectSection
EndProject
Project("{8BC9CEB8-8B4A-11D0-8D11-00A0C91BC942}") = "graphics", "graphics.vcproj", "{ECC8FA24-93AC-4659-8EBD-26B6F418AC64}"
	ProjectSection(ProjectDependencies) = postProject
		{D29771DD-715F-452B-B71C-911BACF5956D} = {D29771DD-715F-452B-B71C-911BACF5956D}
	EndProjectSection
EndProject
Project("{8BC9CEB8-8B4A-11D0-8D11-00A0C91BC942}") = "graphicsOGRE", "plugins\graphics\graphicsOgre.vcproj", "{A2C2A0B2-2EB0-4254-891D-FE93466809CF}"
	ProjectSection(ProjectDependencies) = postProject
		{ECC8FA24-93AC-4659-8EBD-26B6F418AC64} = {ECC8FA24-93AC-4659-8EBD-26B6F418AC64}
		{D29771DD-715F-452B-B71C-911BACF5956D} = {D29771DD-715F-452B-B71C-911BACF5956D}
	EndProjectSection
EndProject
Project("{8BC9CEB8-8B4A-11D0-8D11-00A0C91BC942}") = "registryPluginConcrete", "samples\base\registryPluginConcrete.vcproj", "{F6E2B937-448D-4ADE-9A8F-7DDF0CB38865}"
	ProjectSection(ProjectDependencies) = postProject
		{F6E2B937-449D-4ADE-9A8F-7DDF0CB38866} = {F6E2B937-449D-4ADE-9A8F-7DDF0CB38866}
		{D29771DD-715F-452B-B71C-911BACF5956D} = {D29771DD-715F-452B-B71C-911BACF5956D}
	EndProjectSection
EndProject
Project("{8BC9CEB8-8B4A-11D0-8D11-00A0C91BC942}") = "registryPluginInterface", "samples\base\registryPluginInterface.vcproj", "{F6E2B937-449D-4ADE-9A8F-7DDF0CB38866}"
	ProjectSection(ProjectDependencies) = postProject
		{D29771DD-715F-452B-B71C-911BACF5956D} = {D29771DD-715F-452B-B71C-911BACF5956D}
	EndProjectSection
EndProject
Project("{8BC9CEB8-8B4A-11D0-8D11-00A0C91BC942}") = "samplesAbstractFactory", "samples\base\samplesAbstractFactory.vcproj", "{0CA5015D-D3E7-4B2B-B903-75788097E065}"
	ProjectSection(ProjectDependencies) = postProject
		{D29771DD-715F-452B-B71C-911BACF5956D} = {D29771DD-715F-452B-B71C-911BACF5956D}
	EndProjectSection
EndProject
Project("{8BC9CEB8-8B4A-11D0-8D11-00A0C91BC942}") = "samplesContainer", "samples\base\samplesContainer.vcproj", "{7E0CC2D4-0DDE-419A-81DE-EE0739673432}"
	ProjectSection(ProjectDependencies) = postProject
		{D29771DD-715F-452B-B71C-911BACF5956D} = {D29771DD-715F-452B-B71C-911BACF5956D}
	EndProjectSection
EndProject
Project("{8BC9CEB8-8B4A-11D0-8D11-00A0C91BC942}") = "samplesDebug", "samples\base\samplesDebug.vcproj", "{BCA46ED8-E97C-49D0-A521-FA8E7CEB885A}"
	ProjectSection(ProjectDependencies) = postProject
		{D29771DD-715F-452B-B71C-911BACF5956D} = {D29771DD-715F-452B-B71C-911BACF5956D}
	EndProjectSection
EndProject
Project("{8BC9CEB8-8B4A-11D0-8D11-00A0C91BC942}") = "samplesRegistry", "samples\base\samplesRegistry.vcproj", "{0CA5014D-D3E7-4B2B-B993-75788097E065}"
	ProjectSection(ProjectDependencies) = postProject
		{D29771DD-715F-452B-B71C-911BACF5956D} = {D29771DD-715F-452B-B71C-911BACF5956D}
	EndProjectSection
EndProject
Project("{8BC9CEB8-8B4A-11D0-8D11-00A0C91BC942}") = "samplesRegistryPlugin", "samples\base\samplesRegistryPlugin.vcproj", "{6876FBCB-B5AD-493E-ADE4-F81441BC4EF2}"
	ProjectSection(ProjectDependencies) = postProject
		{F6E2B937-449D-4ADE-9A8F-7DDF0CB38866} = {F6E2B937-449D-4ADE-9A8F-7DDF0CB38866}
		{D29771DD-715F-452B-B71C-911BACF5956D} = {D29771DD-715F-452B-B71C-911BACF5956D}
	EndProjectSection
EndProject
Project("{8BC9CEB8-8B4A-11D0-8D11-00A0C91BC942}") = "samplesRegistryPluginManual", "samples\base\samplesRegistryPluginManual.vcproj", "{6876FBCB-B5AD-494E-ADE4-F81441BC4EF9}"
	ProjectSection(ProjectDependencies) = postProject
		{F6E2B937-449D-4ADE-9A8F-7DDF0CB38866} = {F6E2B937-449D-4ADE-9A8F-7DDF0CB38866}
		{D29771DD-715F-452B-B71C-911BACF5956D} = {D29771DD-715F-452B-B71C-911BACF5956D}
	EndProjectSection
EndProject
Project("{8BC9CEB8-8B4A-11D0-8D11-00A0C91BC942}") = "samplesGraphicsDemo", "samples\graphics\samplesGraphicsDemo.vcproj", "{723A2F36-A3DC-40E5-A7B0-0629219B04DE}"
	ProjectSection(ProjectDependencies) = postProject
		{1AF3930A-4E72-4455-AFD0-6B78684105CD} = {1AF3930A-4E72-4455-AFD0-6B78684105CD}
		{1C674F1C-7DDF-4AC5-A52A-14C31248A9D4} = {1C674F1C-7DDF-4AC5-A52A-14C31248A9D4}
		{ECC8FA24-93AC-4659-8EBD-26B6F418AC64} = {ECC8FA24-93AC-4659-8EBD-26B6F418AC64}
		{42BB6F78-B04C-4968-AA5E-271DC45BEFBB} = {42BB6F78-B04C-4968-AA5E-271DC45BEFBB}
		{77A59B89-C2B3-429C-8317-ADE0D046CC3B} = {77A59B89-C2B3-429C-8317-ADE0D046CC3B}
		{8A16CDB5-B272-49AD-AF22-B8FD0E5E1A03} = {8A16CDB5-B272-49AD-AF22-B8FD0E5E1A03}
		{D29771DD-715F-452B-B71C-911BACF5956D} = {D29771DD-715F-452B-B71C-911BACF5956D}
	EndProjectSection
EndProject
Project("{8BC9CEB8-8B4A-11D0-8D11-00A0C91BC942}") = "physics", "physics.vcproj", "{1C674F1C-7DDF-4AC5-A52A-14C31248A9D4}"
	ProjectSection(ProjectDependencies) = postProject
		{D29771DD-715F-452B-B71C-911BACF5956D} = {D29771DD-715F-452B-B71C-911BACF5956D}
	EndProjectSection
EndProject
Project("{8BC9CEB8-8B4A-11D0-8D11-00A0C91BC942}") = "physicsODE", "plugins\physics\physicsODE.vcproj", "{2F5124AA-56BD-4909-811A-E79901978C86}"
	ProjectSection(ProjectDependencies) = postProject
		{1C674F1C-7DDF-4AC5-A52A-14C31248A9D4} = {1C674F1C-7DDF-4AC5-A52A-14C31248A9D4}
		{77A59B89-C2B3-429C-8317-ADE0D046CC3B} = {77A59B89-C2B3-429C-8317-ADE0D046CC3B}
	EndProjectSection
EndProject
Project("{8BC9CEB8-8B4A-11D0-8D11-00A0C91BC942}") = "input", "input.vcproj", "{1AF3930A-4E72-4455-AFD0-6B78684105CD}"
	ProjectSection(ProjectDependencies) = postProject
		{D29771DD-715F-452B-B71C-911BACF5956D} = {D29771DD-715F-452B-B71C-911BACF5956D}
	EndProjectSection
EndProject
Project("{8BC9CEB8-8B4A-11D0-8D11-00A0C91BC942}") = "inputOGRE", "plugins\input\inputOgre.vcproj", "{A1A2FE19-7B7E-42F1-808B-8FA5B6AA697E}"
	ProjectSection(ProjectDependencies) = postProject
		{1AF3930A-4E72-4455-AFD0-6B78684105CD} = {1AF3930A-4E72-4455-AFD0-6B78684105CD}
		{D29771DD-715F-452B-B71C-911BACF5956D} = {D29771DD-715F-452B-B71C-911BACF5956D}
	EndProjectSection
EndProject
Project("{8BC9CEB8-8B4A-11D0-8D11-00A0C91BC942}") = "scripting", "scripting.vcproj", "{8A16CDB5-B272-49AD-AF22-B8FD0E5E1A03}"
	ProjectSection(ProjectDependencies) = postProject
		{D29771DD-715F-452B-B71C-911BACF5956D} = {D29771DD-715F-452B-B71C-911BACF5956D}
	EndProjectSection
EndProject
Project("{8BC9CEB8-8B4A-11D0-8D11-00A0C91BC942}") = "scriptingLua", "plugins\scripting\scriptingLua.vcproj", "{41CEA11B-9678-43E5-B2F4-754944D7B461}"
	ProjectSection(ProjectDependencies) = postProject
		{8A16CDB5-B272-49AD-AF22-B8FD0E5E1A03} = {8A16CDB5-B272-49AD-AF22-B8FD0E5E1A03}
		{D29771DD-715F-452B-B71C-911BACF5956D} = {D29771DD-715F-452B-B71C-911BACF5956D}
	EndProjectSection
EndProject
Project("{8BC9CEB8-8B4A-11D0-8D11-00A0C91BC942}") = "samplesScriptingLua", "samples\scripting\samplesScriptingLua.vcproj", "{26B28ECB-A1FD-4CC0-A5EE-6E4587BBB058}"
	ProjectSection(ProjectDependencies) = postProject
		{1AF3930A-4E72-4455-AFD0-6B78684105CD} = {1AF3930A-4E72-4455-AFD0-6B78684105CD}
		{41CEA11B-9678-43E5-B2F4-754944D7B461} = {41CEA11B-9678-43E5-B2F4-754944D7B461}
		{1C674F1C-7DDF-4AC5-A52A-14C31248A9D4} = {1C674F1C-7DDF-4AC5-A52A-14C31248A9D4}
		{CA63F621-0912-4551-B51A-7BD18F491181} = {CA63F621-0912-4551-B51A-7BD18F491181}
		{ECC8FA24-93AC-4659-8EBD-26B6F418AC64} = {ECC8FA24-93AC-4659-8EBD-26B6F418AC64}
		{42BB6F78-B04C-4968-AA5E-271DC45BEFBB} = {42BB6F78-B04C-4968-AA5E-271DC45BEFBB}
		{8A16CDB5-B272-49AD-AF22-B8FD0E5E1A03} = {8A16CDB5-B272-49AD-AF22-B8FD0E5E1A03}
		{D29771DD-715F-452B-B71C-911BACF5956D} = {D29771DD-715F-452B-B71C-911BACF5956D}
	EndProjectSection
EndProject
Project("{8BC9CEB8-8B4A-11D0-8D11-00A0C91BC942}") = "data", "data.vcproj", "{77A59B89-C2B3-429C-8317-ADE0D046CC3B}"
	ProjectSection(ProjectDependencies) = postProject
		{D29771DD-715F-452B-B71C-911BACF5956D} = {D29771DD-715F-452B-B71C-911BACF5956D}
	EndProjectSection
EndProject
Project("{8BC9CEB8-8B4A-11D0-8D11-00A0C91BC942}") = "samplesDataMisc", "samples\data\samplesDataMisc.vcproj", "{22EFD734-D8C5-47D6-8461-C37E02A9F0B6}"
	ProjectSection(ProjectDependencies) = postProject
		{77A59B89-C2B3-429C-8317-ADE0D046CC3B} = {77A59B89-C2B3-429C-8317-ADE0D046CC3B}
	EndProjectSection
EndProject
Project("{8BC9CEB8-8B4A-11D0-8D11-00A0C91BC942}") = "scriptingBindingsLua", "plugins\scripting\scriptingLuaBindings.vcproj", "{CA63F621-0912-4551-B51A-7BD18F491181}"
	ProjectSection(ProjectDependencies) = postProject
		{41CEA11B-9678-43E5-B2F4-754944D7B461} = {41CEA11B-9678-43E5-B2F4-754944D7B461}
		{8A16CDB5-B272-49AD-AF22-B8FD0E5E1A03} = {8A16CDB5-B272-49AD-AF22-B8FD0E5E1A03}
	EndProjectSection
EndProject
Project("{8BC9CEB8-8B4A-11D0-8D11-00A0C91BC942}") = "audio", "audio.vcproj", "{42BB6F78-B04C-4968-AA5E-271DC45BEFBB}"
	ProjectSection(ProjectDependencies) = postProject
		{D29771DD-715F-452B-B71C-911BACF5956D} = {D29771DD-715F-452B-B71C-911BACF5956D}
	EndProjectSection
EndProject
Project("{8BC9CEB8-8B4A-11D0-8D11-00A0C91BC942}") = "audioOpenAL", "plugins\audio\audioOpenAL.vcproj", "{66DC2F33-EF4C-46A0-9955-6A60F75D8279}"
	ProjectSection(ProjectDependencies) = postProject
		{42BB6F78-B04C-4968-AA5E-271DC45BEFBB} = {42BB6F78-B04C-4968-AA5E-271DC45BEFBB}
	EndProjectSection
EndProject
Project("{8BC9CEB8-8B4A-11D0-8D11-00A0C91BC942}") = "physicsNX", "plugins\physics\physicsNX.vcproj", "{5749946B-081D-4A80-8119-2BE84F571E81}"
	ProjectSection(ProjectDependencies) = postProject
		{1C674F1C-7DDF-4AC5-A52A-14C31248A9D4} = {1C674F1C-7DDF-4AC5-A52A-14C31248A9D4}
	EndProjectSection
EndProject
Project("{8BC9CEB8-8B4A-11D0-8D11-00A0C91BC942}") = "samplesPhysicsDemo", "samples\physics\samplesPhysicsDemo.vcproj", "{3DA99679-404B-44C7-9267-C97D066F3D96}"
	ProjectSection(ProjectDependencies) = postProject
		{5749946B-081D-4A80-8119-2BE84F571E81} = {5749946B-081D-4A80-8119-2BE84F571E81}
	EndProjectSection
EndProject
Project("{8BC9CEB8-8B4A-11D0-8D11-00A0C91BC942}") = "reflection", "reflection.vcproj", "{215FEC33-87C9-47E1-80EF-2FC735508B57}"
	ProjectSection(ProjectDependencies) = postProject
	EndProjectSection
EndProject
Project("{8BC9CEB8-8B4A-11D0-8D11-00A0C91BC942}") = "thread", "thread.vcproj", "{AA46155A-CCE2-4B9F-BBA2-84E827CF6222}"
	ProjectSection(ProjectDependencies) = postProject
	EndProjectSection
EndProject
Project("{8BC9CEB8-8B4A-11D0-8D11-00A0C91BC942}") = "samplesThread1", "samples\thread\samplesThread1.vcproj", "{2E9B8C5F-AC44-478B-AE7F-8C6DC3EA3654}"
	ProjectSection(ProjectDependencies) = postProject
		{AA46155A-CCE2-4B9F-BBA2-84E827CF6222} = {AA46155A-CCE2-4B9F-BBA2-84E827CF6222}
		{D29771DD-715F-452B-B71C-911BACF5956D} = {D29771DD-715F-452B-B71C-911BACF5956D}
	EndProjectSection
EndProject
Project("{8BC9CEB8-8B4A-11D0-8D11-00A0C91BC942}") = "samples_application", "samples\application\samples_application.vcproj", "{44C8B2A3-281A-4910-A737-7EA1F6F43E35}"
	ProjectSection(ProjectDependencies) = postProject
	EndProjectSection
EndProject
Global
	GlobalSection(SolutionConfiguration) = preSolution
		Debug = Debug
		Release = Release
	EndGlobalSection
	GlobalSection(ProjectConfiguration) = postSolution
		{D29771DD-715F-452B-B71C-911BACF5956D}.Debug.ActiveCfg = Debug|Win32
		{D29771DD-715F-452B-B71C-911BACF5956D}.Debug.Build.0 = Debug|Win32
		{D29771DD-715F-452B-B71C-911BACF5956D}.Release.ActiveCfg = Release|Win32
		{D29771DD-715F-452B-B71C-911BACF5956D}.Release.Build.0 = Release|Win32
		{ECC8FA24-93AC-4659-8EBD-26B6F418AC64}.Debug.ActiveCfg = Debug|Win32
		{ECC8FA24-93AC-4659-8EBD-26B6F418AC64}.Debug.Build.0 = Debug|Win32
		{ECC8FA24-93AC-4659-8EBD-26B6F418AC64}.Release.ActiveCfg = Release|Win32
		{ECC8FA24-93AC-4659-8EBD-26B6F418AC64}.Release.Build.0 = Release|Win32
		{A2C2A0B2-2EB0-4254-891D-FE93466809CF}.Debug.ActiveCfg = Debug|Win32
		{A2C2A0B2-2EB0-4254-891D-FE93466809CF}.Debug.Build.0 = Debug|Win32
		{A2C2A0B2-2EB0-4254-891D-FE93466809CF}.Release.ActiveCfg = Release|Win32
		{A2C2A0B2-2EB0-4254-891D-FE93466809CF}.Release.Build.0 = Release|Win32
		{F6E2B937-448D-4ADE-9A8F-7DDF0CB38865}.Debug.ActiveCfg = Debug|Win32
		{F6E2B937-448D-4ADE-9A8F-7DDF0CB38865}.Debug.Build.0 = Debug|Win32
		{F6E2B937-448D-4ADE-9A8F-7DDF0CB38865}.Release.ActiveCfg = Release|Win32
		{F6E2B937-448D-4ADE-9A8F-7DDF0CB38865}.Release.Build.0 = Release|Win32
		{F6E2B937-449D-4ADE-9A8F-7DDF0CB38866}.Debug.ActiveCfg = Debug|Win32
		{F6E2B937-449D-4ADE-9A8F-7DDF0CB38866}.Debug.Build.0 = Debug|Win32
		{F6E2B937-449D-4ADE-9A8F-7DDF0CB38866}.Release.ActiveCfg = Release|Win32
		{F6E2B937-449D-4ADE-9A8F-7DDF0CB38866}.Release.Build.0 = Release|Win32
		{0CA5015D-D3E7-4B2B-B903-75788097E065}.Debug.ActiveCfg = Debug|Win32
		{0CA5015D-D3E7-4B2B-B903-75788097E065}.Debug.Build.0 = Debug|Win32
		{0CA5015D-D3E7-4B2B-B903-75788097E065}.Release.ActiveCfg = Release|Win32
		{0CA5015D-D3E7-4B2B-B903-75788097E065}.Release.Build.0 = Release|Win32
		{7E0CC2D4-0DDE-419A-81DE-EE0739673432}.Debug.ActiveCfg = Debug|Win32
		{7E0CC2D4-0DDE-419A-81DE-EE0739673432}.Debug.Build.0 = Debug|Win32
		{7E0CC2D4-0DDE-419A-81DE-EE0739673432}.Release.ActiveCfg = Release|Win32
		{7E0CC2D4-0DDE-419A-81DE-EE0739673432}.Release.Build.0 = Release|Win32
		{BCA46ED8-E97C-49D0-A521-FA8E7CEB885A}.Debug.ActiveCfg = Debug|Win32
		{BCA46ED8-E97C-49D0-A521-FA8E7CEB885A}.Debug.Build.0 = Debug|Win32
		{BCA46ED8-E97C-49D0-A521-FA8E7CEB885A}.Release.ActiveCfg = Release|Win32
		{BCA46ED8-E97C-49D0-A521-FA8E7CEB885A}.Release.Build.0 = Release|Win32
		{0CA5014D-D3E7-4B2B-B993-75788097E065}.Debug.ActiveCfg = Debug|Win32
		{0CA5014D-D3E7-4B2B-B993-75788097E065}.Debug.Build.0 = Debug|Win32
		{0CA5014D-D3E7-4B2B-B993-75788097E065}.Release.ActiveCfg = Release|Win32
		{0CA5014D-D3E7-4B2B-B993-75788097E065}.Release.Build.0 = Release|Win32
		{6876FBCB-B5AD-493E-ADE4-F81441BC4EF2}.Debug.ActiveCfg = Debug|Win32
		{6876FBCB-B5AD-493E-ADE4-F81441BC4EF2}.Debug.Build.0 = Debug|Win32
		{6876FBCB-B5AD-493E-ADE4-F81441BC4EF2}.Release.ActiveCfg = Release|Win32
		{6876FBCB-B5AD-493E-ADE4-F81441BC4EF2}.Release.Build.0 = Release|Win32
		{6876FBCB-B5AD-494E-ADE4-F81441BC4EF9}.Debug.ActiveCfg = Debug|Win32
		{6876FBCB-B5AD-494E-ADE4-F81441BC4EF9}.Debug.Build.0 = Debug|Win32
		{6876FBCB-B5AD-494E-ADE4-F81441BC4EF9}.Release.ActiveCfg = Release|Win32
		{6876FBCB-B5AD-494E-ADE4-F81441BC4EF9}.Release.Build.0 = Release|Win32
		{723A2F36-A3DC-40E5-A7B0-0629219B04DE}.Debug.ActiveCfg = Debug|Win32
		{723A2F36-A3DC-40E5-A7B0-0629219B04DE}.Debug.Build.0 = Debug|Win32
		{723A2F36-A3DC-40E5-A7B0-0629219B04DE}.Release.ActiveCfg = Release|Win32
		{723A2F36-A3DC-40E5-A7B0-0629219B04DE}.Release.Build.0 = Release|Win32
		{1C674F1C-7DDF-4AC5-A52A-14C31248A9D4}.Debug.ActiveCfg = Debug|Win32
		{1C674F1C-7DDF-4AC5-A52A-14C31248A9D4}.Debug.Build.0 = Debug|Win32
		{1C674F1C-7DDF-4AC5-A52A-14C31248A9D4}.Release.ActiveCfg = Release|Win32
		{1C674F1C-7DDF-4AC5-A52A-14C31248A9D4}.Release.Build.0 = Release|Win32
		{2F5124AA-56BD-4909-811A-E79901978C86}.Debug.ActiveCfg = Debug|Win32
		{2F5124AA-56BD-4909-811A-E79901978C86}.Debug.Build.0 = Debug|Win32
		{2F5124AA-56BD-4909-811A-E79901978C86}.Release.ActiveCfg = Release|Win32
		{2F5124AA-56BD-4909-811A-E79901978C86}.Release.Build.0 = Release|Win32
		{1AF3930A-4E72-4455-AFD0-6B78684105CD}.Debug.ActiveCfg = Debug|Win32
		{1AF3930A-4E72-4455-AFD0-6B78684105CD}.Debug.Build.0 = Debug|Win32
		{1AF3930A-4E72-4455-AFD0-6B78684105CD}.Release.ActiveCfg = Release|Win32
		{1AF3930A-4E72-4455-AFD0-6B78684105CD}.Release.Build.0 = Release|Win32
		{A1A2FE19-7B7E-42F1-808B-8FA5B6AA697E}.Debug.ActiveCfg = Debug|Win32
		{A1A2FE19-7B7E-42F1-808B-8FA5B6AA697E}.Debug.Build.0 = Debug|Win32
		{A1A2FE19-7B7E-42F1-808B-8FA5B6AA697E}.Release.ActiveCfg = Release|Win32
		{A1A2FE19-7B7E-42F1-808B-8FA5B6AA697E}.Release.Build.0 = Release|Win32
		{8A16CDB5-B272-49AD-AF22-B8FD0E5E1A03}.Debug.ActiveCfg = Debug|Win32
		{8A16CDB5-B272-49AD-AF22-B8FD0E5E1A03}.Debug.Build.0 = Debug|Win32
		{8A16CDB5-B272-49AD-AF22-B8FD0E5E1A03}.Release.ActiveCfg = Release|Win32
		{8A16CDB5-B272-49AD-AF22-B8FD0E5E1A03}.Release.Build.0 = Release|Win32
		{41CEA11B-9678-43E5-B2F4-754944D7B461}.Debug.ActiveCfg = Debug|Win32
		{41CEA11B-9678-43E5-B2F4-754944D7B461}.Debug.Build.0 = Debug|Win32
		{41CEA11B-9678-43E5-B2F4-754944D7B461}.Release.ActiveCfg = Release|Win32
		{41CEA11B-9678-43E5-B2F4-754944D7B461}.Release.Build.0 = Release|Win32
		{26B28ECB-A1FD-4CC0-A5EE-6E4587BBB058}.Debug.ActiveCfg = Debug|Win32
		{26B28ECB-A1FD-4CC0-A5EE-6E4587BBB058}.Debug.Build.0 = Debug|Win32
		{26B28ECB-A1FD-4CC0-A5EE-6E4587BBB058}.Release.ActiveCfg = Release|Win32
		{26B28ECB-A1FD-4CC0-A5EE-6E4587BBB058}.Release.Build.0 = Release|Win32
		{77A59B89-C2B3-429C-8317-ADE0D046CC3B}.Debug.ActiveCfg = Debug|Win32
		{77A59B89-C2B3-429C-8317-ADE0D046CC3B}.Debug.Build.0 = Debug|Win32
		{77A59B89-C2B3-429C-8317-ADE0D046CC3B}.Release.ActiveCfg = Release|Win32
		{77A59B89-C2B3-429C-8317-ADE0D046CC3B}.Release.Build.0 = Release|Win32
		{22EFD734-D8C5-47D6-8461-C37E02A9F0B6}.Debug.ActiveCfg = Debug|Win32
		{22EFD734-D8C5-47D6-8461-C37E02A9F0B6}.Debug.Build.0 = Debug|Win32
		{22EFD734-D8C5-47D6-8461-C37E02A9F0B6}.Release.ActiveCfg = Release|Win32
		{22EFD734-D8C5-47D6-8461-C37E02A9F0B6}.Release.Build.0 = Release|Win32
		{CA63F621-0912-4551-B51A-7BD18F491181}.Debug.ActiveCfg = Debug|Win32
		{CA63F621-0912-4551-B51A-7BD18F491181}.Debug.Build.0 = Debug|Win32
		{CA63F621-0912-4551-B51A-7BD18F491181}.Release.ActiveCfg = Release|Win32
		{CA63F621-0912-4551-B51A-7BD18F491181}.Release.Build.0 = Release|Win32
		{42BB6F78-B04C-4968-AA5E-271DC45BEFBB}.Debug.ActiveCfg = Debug|Win32
		{42BB6F78-B04C-4968-AA5E-271DC45BEFBB}.Debug.Build.0 = Debug|Win32
		{42BB6F78-B04C-4968-AA5E-271DC45BEFBB}.Release.ActiveCfg = Release|Win32
		{42BB6F78-B04C-4968-AA5E-271DC45BEFBB}.Release.Build.0 = Release|Win32
		{66DC2F33-EF4C-46A0-9955-6A60F75D8279}.Debug.ActiveCfg = Debug|Win32
		{66DC2F33-EF4C-46A0-9955-6A60F75D8279}.Debug.Build.0 = Debug|Win32
		{66DC2F33-EF4C-46A0-9955-6A60F75D8279}.Release.ActiveCfg = Release|Win32
		{66DC2F33-EF4C-46A0-9955-6A60F75D8279}.Release.Build.0 = Release|Win32
		{5749946B-081D-4A80-8119-2BE84F571E81}.Debug.ActiveCfg = Debug|Win32
		{5749946B-081D-4A80-8119-2BE84F571E81}.Debug.Build.0 = Debug|Win32
		{5749946B-081D-4A80-8119-2BE84F571E81}.Release.ActiveCfg = Release|Win32
		{5749946B-081D-4A80-8119-2BE84F571E81}.Release.Build.0 = Release|Win32
		{3DA99679-404B-44C7-9267-C97D066F3D96}.Debug.ActiveCfg = Debug|Win32
		{3DA99679-404B-44C7-9267-C97D066F3D96}.Debug.Build.0 = Debug|Win32
		{3DA99679-404B-44C7-9267-C97D066F3D96}.Release.ActiveCfg = Release|Win32
		{3DA99679-404B-44C7-9267-C97D066F3D96}.Release.Build.0 = Release|Win32
		{215FEC33-87C9-47E1-80EF-2FC735508B57}.Debug.ActiveCfg = Debug|Win32
		{215FEC33-87C9-47E1-80EF-2FC735508B57}.Debug.Build.0 = Debug|Win32
		{215FEC33-87C9-47E1-80EF-2FC735508B57}.Release.ActiveCfg = Release|Win32
		{215FEC33-87C9-47E1-80EF-2FC735508B57}.Release.Build.0 = Release|Win32
		{AA46155A-CCE2-4B9F-BBA2-84E827CF6222}.Debug.ActiveCfg = Debug|Win32
		{AA46155A-CCE2-4B9F-BBA2-84E827CF6222}.Debug.Build.0 = Debug|Win32
		{AA46155A-CCE2-4B9F-BBA2-84E827CF6222}.Release.ActiveCfg = Release|Win32
		{AA46155A-CCE2-4B9F-BBA2-84E827CF6222}.Release.Build.0 = Release|Win32
		{2E9B8C5F-AC44-478B-AE7F-8C6DC3EA3654}.Debug.ActiveCfg = Debug|Win32
		{2E9B8C5F-AC44-478B-AE7F-8C6DC3EA3654}.Debug.Build.0 = Debug|Win32
		{2E9B8C5F-AC44-478B-AE7F-8C6DC3EA3654}.Release.ActiveCfg = Release|Win32
		{2E9B8C5F-AC44-478B-AE7F-8C6DC3EA3654}.Release.Build.0 = Release|Win32
		{44C8B2A3-281A-4910-A737-7EA1F6F43E35}.Debug.ActiveCfg = Debug|Win32
		{44C8B2A3-281A-4910-A737-7EA1F6F43E35}.Debug.Build.0 = Debug|Win32
		{44C8B2A3-281A-4910-A737-7EA1F6F43E35}.Release.ActiveCfg = Release|Win32
		{44C8B2A3-281A-4910-A737-7EA1F6F43E35}.Release.Build.0 = Release|Win32
	EndGlobalSection
	GlobalSection(ExtensibilityGlobals) = postSolution
	EndGlobalSection
	GlobalSection(ExtensibilityAddIns) = postSolution
	EndGlobalSection
EndGlobal
