<?xml version="1.0"?>
<!DOCTYPE Code::Blocks_project_file>
<Code::Blocks_project_file>
	<FileVersion major="1" minor="1"/>
	<Project>
		<Option title="yakeGraphics"/>
		<Option makefile="Makefile"/>
		<Option makefile_is_custom="0"/>
		<Option compiler="0"/>
		<Build>
			<Target title="release">
				<Option output="graphics.dll"/>
				<Option working_dir=""/>
				<Option object_output=".objs"/>
				<Option deps_output=".deps"/>
				<Option external_deps=""/>
				<Option type="3"/>
				<Option compiler="0"/>
				<Option createStaticLib="1"/>
				<Compiler>
					<Add directory="..\dependencies"/>
					<Add directory="..\..\yake"/>
					<Add directory="..\dependencies\ttl"/>
				</Compiler>
			</Target>
		</Build>
		<Compiler>
			<Add option="-fpermissive"/>
			<Add option="-DBUILD_DLL"/>
		</Compiler>
		<Linker>
			<Add library="F:\dev\yake\scripts_cb\libyakebase.a"/>
		</Linker>
		<Unit filename="..\src\yake\graphics\yakeGraphicsSystem.cpp">
			<Option compilerVar="CPP"/>
			<Option target="release"/>
		</Unit>
		<Unit filename="..\src\yake\graphics\yakePCH.cpp">
			<Option compilerVar="CPP"/>
			<Option target="release"/>
		</Unit>
		<Unit filename="..\yake\graphics\yakeEntity.h">
			<Option compilerVar=""/>
			<Option compile="0"/>
			<Option link="0"/>
			<Option target="release"/>
		</Unit>
		<Unit filename="..\yake\graphics\yakeGeometryAccess.h">
			<Option compilerVar=""/>
			<Option compile="0"/>
			<Option link="0"/>
			<Option target="release"/>
		</Unit>
		<Unit filename="..\yake\graphics\yakeGraphicalWorld.h">
			<Option compilerVar=""/>
			<Option compile="0"/>
			<Option link="0"/>
			<Option target="release"/>
		</Unit>
		<Unit filename="..\yake\graphics\yakeGraphics.h">
			<Option compilerVar=""/>
			<Option compile="0"/>
			<Option link="0"/>
			<Option target="release"/>
		</Unit>
		<Unit filename="..\yake\graphics\yakeGraphicsEnvironment.h">
			<Option compilerVar=""/>
			<Option compile="0"/>
			<Option link="0"/>
			<Option target="release"/>
		</Unit>
		<Unit filename="..\yake\graphics\yakeGraphicsSystem.h">
			<Option compilerVar=""/>
			<Option compile="0"/>
			<Option link="0"/>
			<Option target="release"/>
		</Unit>
		<Unit filename="..\yake\graphics\yakePCH.h">
			<Option compilerVar=""/>
			<Option compile="0"/>
			<Option link="0"/>
			<Option target="release"/>
		</Unit>
	</Project>
</Code::Blocks_project_file>
