Microsoft Visual Studio Solution File, Format Version 8.00
Project("{8BC9CEB8-8B4A-11D0-8D11-00A0C91BC942}") = "graphics", "..\..\graphics.vcproj", "{ECC8FA24-93AC-4659-8EBD-26B6F418AC64}"
	ProjectSection(ProjectDependencies) = postProject
		{D29771DD-715F-452B-B71C-911BACF5956D} = {D29771DD-715F-452B-B71C-911BACF5956D}
	EndProjectSection
EndProject
Project("{8BC9CEB8-8B4A-11D0-8D11-00A0C91BC942}") = "base", "..\..\base.vcproj", "{D29771DD-715F-452B-B71C-911BACF5956D}"
	ProjectSection(ProjectDependencies) = postProject
	EndProjectSection
EndProject
Project("{8BC9CEB8-8B4A-11D0-8D11-00A0C91BC942}") = "samplesGraphicsDemo", "samplesGraphicsDemo.vcproj", "{723A2F36-A3DC-40E5-A7B0-0629219B04DE}"
	ProjectSection(ProjectDependencies) = postProject
		{ECC8FA24-93AC-4659-8EBD-26B6F418AC64} = {ECC8FA24-93AC-4659-8EBD-26B6F418AC64}
		{D29771DD-715F-452B-B71C-911BACF5956D} = {D29771DD-715F-452B-B71C-911BACF5956D}
	EndProjectSection
EndProject
Global
	GlobalSection(SolutionConfiguration) = preSolution
		Debug = Debug
		Release = Release
	EndGlobalSection
	GlobalSection(ProjectConfiguration) = postSolution
		{ECC8FA24-93AC-4659-8EBD-26B6F418AC64}.Debug.ActiveCfg = Debug|Win32
		{ECC8FA24-93AC-4659-8EBD-26B6F418AC64}.Debug.Build.0 = Debug|Win32
		{ECC8FA24-93AC-4659-8EBD-26B6F418AC64}.Release.ActiveCfg = Release|Win32
		{ECC8FA24-93AC-4659-8EBD-26B6F418AC64}.Release.Build.0 = Release|Win32
		{D29771DD-715F-452B-B71C-911BACF5956D}.Debug.ActiveCfg = Debug|Win32
		{D29771DD-715F-452B-B71C-911BACF5956D}.Debug.Build.0 = Debug|Win32
		{D29771DD-715F-452B-B71C-911BACF5956D}.Release.ActiveCfg = Release|Win32
		{D29771DD-715F-452B-B71C-911BACF5956D}.Release.Build.0 = Release|Win32
		{723A2F36-A3DC-40E5-A7B0-0629219B04DE}.Debug.ActiveCfg = Debug|Win32
		{723A2F36-A3DC-40E5-A7B0-0629219B04DE}.Debug.Build.0 = Debug|Win32
		{723A2F36-A3DC-40E5-A7B0-0629219B04DE}.Release.ActiveCfg = Release|Win32
		{723A2F36-A3DC-40E5-A7B0-0629219B04DE}.Release.Build.0 = Release|Win32
	EndGlobalSection
	GlobalSection(ExtensibilityGlobals) = postSolution
	EndGlobalSection
	GlobalSection(ExtensibilityAddIns) = postSolution
	EndGlobalSection
EndGlobal
