<?xml version="1.0"?>
<!DOCTYPE CodeBlocks_project_file>
<CodeBlocks_project_file>
	<FileVersion major="1" minor="1"/>
	<Project>
		<Option title="yake::physics"/>
		<Option makefile="Makefile"/>
		<Option makefile_is_custom="0"/>
		<Option compiler="0"/>
		<Build>
			<Target title="debug">
				<Option output="..\..\common\lib\yake_physics-mgw342-d.dll"/>
				<Option working_dir="..\..\common\bin\mgw\debug"/>
				<Option object_output="..\..\common\obj\mgw\debug"/>
				<Option deps_output="..\..\common\dep\debug"/>
				<Option type="3"/>
				<Option compiler="0"/>
				<Option createStaticLib="1"/>
				<Compiler>
					<Add option="-W"/>
					<Add option="-Wall"/>
					<Add option="-g"/>
					<Add option="-D_DEBUG"/>
					<Add directory="..\.."/>
					<Add directory="..\..\dependencies\boost"/>
					<Add directory="..\..\dependencies\ttl"/>
				</Compiler>
				<Linker>
					<Add library="..\..\common\lib\libyake_base-mgw342-d.a"/>
				</Linker>
			</Target>
		</Build>
		<Compiler>
			<Add option="-W"/>
			<Add option="-Wall"/>
			<Add option="-DBUILD_DLL,YAKE_PHYSICS_EXPORTS"/>
		</Compiler>
		<Unit filename="..\..\src\yake\physics\yakePhysicsAffectorZone.cpp">
			<Option compilerVar="CPP"/>
			<Option target="debug"/>
		</Unit>
		<Unit filename="..\..\src\yake\physics\yakePhysicsAffectors.cpp">
			<Option compilerVar="CPP"/>
			<Option target="debug"/>
		</Unit>
		<Unit filename="..\..\src\yake\physics\yakePhysicsSystem.cpp">
			<Option compilerVar="CPP"/>
			<Option target="debug"/>
		</Unit>
	</Project>
</CodeBlocks_project_file>
