Microsoft Visual Studio Solution File, Format Version 9.00
# Visual C++ Express 2005
Project("{8BC9CEB8-8B4A-11D0-8D11-00A0C91BC942}") = "base", "base.vcproj", "{D29771DD-715F-452B-B71C-911BACF5956D}"
EndProject
Project("{8BC9CEB8-8B4A-11D0-8D11-00A0C91BC942}") = "graphics", "graphics.vcproj", "{ECC8FA24-93AC-4659-8EBD-26B6F418AC64}"
	ProjectSection(ProjectDependencies) = postProject
		{D29771DD-715F-452B-B71C-911BACF5956D} = {D29771DD-715F-452B-B71C-911BACF5956D}
	EndProjectSection
EndProject
Project("{8BC9CEB8-8B4A-11D0-8D11-00A0C91BC942}") = "graphicsOGRE", "plugins\graphics\graphicsOgre.vcproj", "{A2C2A0B2-2EB0-4254-891D-FE93466809CF}"
	ProjectSection(ProjectDependencies) = postProject
		{ECC8FA24-93AC-4659-8EBD-26B6F418AC64} = {ECC8FA24-93AC-4659-8EBD-26B6F418AC64}
		{D29771DD-715F-452B-B71C-911BACF5956D} = {D29771DD-715F-452B-B71C-911BACF5956D}
	EndProjectSection
EndProject
Project("{8BC9CEB8-8B4A-11D0-8D11-00A0C91BC942}") = "registryPluginConcrete", "samples\base\registryPluginConcrete.vcproj", "{F6E2B937-448D-4ADE-9A8F-7DDF0CB38865}"
	ProjectSection(ProjectDependencies) = postProject
		{F6E2B937-449D-4ADE-9A8F-7DDF0CB38866} = {F6E2B937-449D-4ADE-9A8F-7DDF0CB38866}
		{D29771DD-715F-452B-B71C-911BACF5956D} = {D29771DD-715F-452B-B71C-911BACF5956D}
	EndProjectSection
EndProject
Project("{8BC9CEB8-8B4A-11D0-8D11-00A0C91BC942}") = "registryPluginInterface", "samples\base\registryPluginInterface.vcproj", "{F6E2B937-449D-4ADE-9A8F-7DDF0CB38866}"
	ProjectSection(ProjectDependencies) = postProject
		{D29771DD-715F-452B-B71C-911BACF5956D} = {D29771DD-715F-452B-B71C-911BACF5956D}
	EndProjectSection
EndProject
Project("{8BC9CEB8-8B4A-11D0-8D11-00A0C91BC942}") = "sampleContainer", "samples\base\sampleContainer.vcproj", "{7E0CC2D4-0DDE-419A-81DE-EE0739673432}"
	ProjectSection(ProjectDependencies) = postProject
		{D29771DD-715F-452B-B71C-911BACF5956D} = {D29771DD-715F-452B-B71C-911BACF5956D}
	EndProjectSection
EndProject
Project("{8BC9CEB8-8B4A-11D0-8D11-00A0C91BC942}") = "sampleDebug", "samples\base\sampleDebug.vcproj", "{BCA46ED8-E97C-49D0-A521-FA8E7CEB885A}"
	ProjectSection(ProjectDependencies) = postProject
		{D29771DD-715F-452B-B71C-911BACF5956D} = {D29771DD-715F-452B-B71C-911BACF5956D}
	EndProjectSection
EndProject
Project("{8BC9CEB8-8B4A-11D0-8D11-00A0C91BC942}") = "sampleRegistry", "samples\base\sampleRegistry.vcproj", "{0CA5014D-D3E7-4B2B-B993-75788097E065}"
	ProjectSection(ProjectDependencies) = postProject
		{D29771DD-715F-452B-B71C-911BACF5956D} = {D29771DD-715F-452B-B71C-911BACF5956D}
	EndProjectSection
EndProject
Project("{8BC9CEB8-8B4A-11D0-8D11-00A0C91BC942}") = "sampleRegistryPlugin", "samples\base\sampleRegistryPlugin.vcproj", "{6876FBCB-B5AD-493E-ADE4-F81441BC4EF2}"
	ProjectSection(ProjectDependencies) = postProject
		{F6E2B937-449D-4ADE-9A8F-7DDF0CB38866} = {F6E2B937-449D-4ADE-9A8F-7DDF0CB38866}
		{D29771DD-715F-452B-B71C-911BACF5956D} = {D29771DD-715F-452B-B71C-911BACF5956D}
	EndProjectSection
EndProject
Project("{8BC9CEB8-8B4A-11D0-8D11-00A0C91BC942}") = "sampleRegistryPluginManual", "samples\base\sampleRegistryPluginManual.vcproj", "{6876FBCB-B5AD-494E-ADE4-F81441BC4EF9}"
	ProjectSection(ProjectDependencies) = postProject
		{F6E2B937-449D-4ADE-9A8F-7DDF0CB38866} = {F6E2B937-449D-4ADE-9A8F-7DDF0CB38866}
		{D29771DD-715F-452B-B71C-911BACF5956D} = {D29771DD-715F-452B-B71C-911BACF5956D}
	EndProjectSection
EndProject
Project("{8BC9CEB8-8B4A-11D0-8D11-00A0C91BC942}") = "sampleGraphicsDemo", "samples\graphics\sampleGraphicsDemo.vcproj", "{723A2F36-A3DC-40E5-A7B0-0629219B04DE}"
	ProjectSection(ProjectDependencies) = postProject
		{1AF3930A-4E72-4455-AFD0-6B78684105CD} = {1AF3930A-4E72-4455-AFD0-6B78684105CD}
		{1C674F1C-7DDF-4AC5-A52A-14C31248A9D4} = {1C674F1C-7DDF-4AC5-A52A-14C31248A9D4}
		{ECC8FA24-93AC-4659-8EBD-26B6F418AC64} = {ECC8FA24-93AC-4659-8EBD-26B6F418AC64}
		{42BB6F78-B04C-4968-AA5E-271DC45BEFBB} = {42BB6F78-B04C-4968-AA5E-271DC45BEFBB}
		{77A59B89-C2B3-429C-8317-ADE0D046CC3B} = {77A59B89-C2B3-429C-8317-ADE0D046CC3B}
		{8A16CDB5-B272-49AD-AF22-B8FD0E5E1A03} = {8A16CDB5-B272-49AD-AF22-B8FD0E5E1A03}
		{D29771DD-715F-452B-B71C-911BACF5956D} = {D29771DD-715F-452B-B71C-911BACF5956D}
	EndProjectSection
EndProject
Project("{8BC9CEB8-8B4A-11D0-8D11-00A0C91BC942}") = "physics", "physics.vcproj", "{1C674F1C-7DDF-4AC5-A52A-14C31248A9D4}"
	ProjectSection(ProjectDependencies) = postProject
		{D29771DD-715F-452B-B71C-911BACF5956D} = {D29771DD-715F-452B-B71C-911BACF5956D}
	EndProjectSection
EndProject
Project("{8BC9CEB8-8B4A-11D0-8D11-00A0C91BC942}") = "physicsODE", "plugins\physics\physicsODE.vcproj", "{2F5124AA-56BD-4909-811A-E79901978C86}"
	ProjectSection(ProjectDependencies) = postProject
		{1C674F1C-7DDF-4AC5-A52A-14C31248A9D4} = {1C674F1C-7DDF-4AC5-A52A-14C31248A9D4}
		{77A59B89-C2B3-429C-8317-ADE0D046CC3B} = {77A59B89-C2B3-429C-8317-ADE0D046CC3B}
	EndProjectSection
EndProject
Project("{8BC9CEB8-8B4A-11D0-8D11-00A0C91BC942}") = "input", "input.vcproj", "{1AF3930A-4E72-4455-AFD0-6B78684105CD}"
	ProjectSection(ProjectDependencies) = postProject
		{D29771DD-715F-452B-B71C-911BACF5956D} = {D29771DD-715F-452B-B71C-911BACF5956D}
	EndProjectSection
EndProject
Project("{8BC9CEB8-8B4A-11D0-8D11-00A0C91BC942}") = "inputOGRE", "plugins\input\inputOgre.vcproj", "{A1A2FE19-7B7E-42F1-808B-8FA5B6AA697E}"
	ProjectSection(ProjectDependencies) = postProject
		{1AF3930A-4E72-4455-AFD0-6B78684105CD} = {1AF3930A-4E72-4455-AFD0-6B78684105CD}
		{D29771DD-715F-452B-B71C-911BACF5956D} = {D29771DD-715F-452B-B71C-911BACF5956D}
	EndProjectSection
EndProject
Project("{8BC9CEB8-8B4A-11D0-8D11-00A0C91BC942}") = "scripting", "scripting.vcproj", "{8A16CDB5-B272-49AD-AF22-B8FD0E5E1A03}"
	ProjectSection(ProjectDependencies) = postProject
		{D29771DD-715F-452B-B71C-911BACF5956D} = {D29771DD-715F-452B-B71C-911BACF5956D}
	EndProjectSection
EndProject
Project("{8BC9CEB8-8B4A-11D0-8D11-00A0C91BC942}") = "scriptingLua", "plugins\scripting\scriptingLua.vcproj", "{41CEA11B-9678-43E5-B2F4-754944D7B461}"
	ProjectSection(ProjectDependencies) = postProject
		{8A16CDB5-B272-49AD-AF22-B8FD0E5E1A03} = {8A16CDB5-B272-49AD-AF22-B8FD0E5E1A03}
		{D29771DD-715F-452B-B71C-911BACF5956D} = {D29771DD-715F-452B-B71C-911BACF5956D}
	EndProjectSection
EndProject
Project("{8BC9CEB8-8B4A-11D0-8D11-00A0C91BC942}") = "sampleScriptingLua", "samples\scripting\sampleScriptingLua.vcproj", "{26B28ECB-A1FD-4CC0-A5EE-6E4587BBB058}"
	ProjectSection(ProjectDependencies) = postProject
		{1AF3930A-4E72-4455-AFD0-6B78684105CD} = {1AF3930A-4E72-4455-AFD0-6B78684105CD}
		{41CEA11B-9678-43E5-B2F4-754944D7B461} = {41CEA11B-9678-43E5-B2F4-754944D7B461}
		{1C674F1C-7DDF-4AC5-A52A-14C31248A9D4} = {1C674F1C-7DDF-4AC5-A52A-14C31248A9D4}
		{CA63F621-0912-4551-B51A-7BD18F491181} = {CA63F621-0912-4551-B51A-7BD18F491181}
		{ECC8FA24-93AC-4659-8EBD-26B6F418AC64} = {ECC8FA24-93AC-4659-8EBD-26B6F418AC64}
		{42BB6F78-B04C-4968-AA5E-271DC45BEFBB} = {42BB6F78-B04C-4968-AA5E-271DC45BEFBB}
		{8A16CDB5-B272-49AD-AF22-B8FD0E5E1A03} = {8A16CDB5-B272-49AD-AF22-B8FD0E5E1A03}
		{D29771DD-715F-452B-B71C-911BACF5956D} = {D29771DD-715F-452B-B71C-911BACF5956D}
	EndProjectSection
EndProject
Project("{8BC9CEB8-8B4A-11D0-8D11-00A0C91BC942}") = "data", "data.vcproj", "{77A59B89-C2B3-429C-8317-ADE0D046CC3B}"
	ProjectSection(ProjectDependencies) = postProject
		{D29771DD-715F-452B-B71C-911BACF5956D} = {D29771DD-715F-452B-B71C-911BACF5956D}
	EndProjectSection
EndProject
Project("{8BC9CEB8-8B4A-11D0-8D11-00A0C91BC942}") = "sampleDataMisc", "samples\data\sampleDataMisc.vcproj", "{22EFD734-D8C5-47D6-8461-C37E02A9F0B6}"
	ProjectSection(ProjectDependencies) = postProject
		{77A59B89-C2B3-429C-8317-ADE0D046CC3B} = {77A59B89-C2B3-429C-8317-ADE0D046CC3B}
	EndProjectSection
EndProject
Project("{8BC9CEB8-8B4A-11D0-8D11-00A0C91BC942}") = "scriptingBindingsLua", "plugins\scripting\scriptingLuaBindings.vcproj", "{CA63F621-0912-4551-B51A-7BD18F491181}"
	ProjectSection(ProjectDependencies) = postProject
		{41CEA11B-9678-43E5-B2F4-754944D7B461} = {41CEA11B-9678-43E5-B2F4-754944D7B461}
		{8A16CDB5-B272-49AD-AF22-B8FD0E5E1A03} = {8A16CDB5-B272-49AD-AF22-B8FD0E5E1A03}
	EndProjectSection
EndProject
Project("{8BC9CEB8-8B4A-11D0-8D11-00A0C91BC942}") = "audio", "audio.vcproj", "{42BB6F78-B04C-4968-AA5E-271DC45BEFBB}"
	ProjectSection(ProjectDependencies) = postProject
		{D29771DD-715F-452B-B71C-911BACF5956D} = {D29771DD-715F-452B-B71C-911BACF5956D}
	EndProjectSection
EndProject
Project("{8BC9CEB8-8B4A-11D0-8D11-00A0C91BC942}") = "audioOpenAL", "plugins\audio\audioOpenAL.vcproj", "{66DC2F33-EF4C-46A0-9955-6A60F75D8279}"
	ProjectSection(ProjectDependencies) = postProject
		{42BB6F78-B04C-4968-AA5E-271DC45BEFBB} = {42BB6F78-B04C-4968-AA5E-271DC45BEFBB}
	EndProjectSection
EndProject
Project("{8BC9CEB8-8B4A-11D0-8D11-00A0C91BC942}") = "physicsNX", "plugins\physics\physicsNX.vcproj", "{5749946B-081D-4A80-8119-2BE84F571E81}"
	ProjectSection(ProjectDependencies) = postProject
		{1C674F1C-7DDF-4AC5-A52A-14C31248A9D4} = {1C674F1C-7DDF-4AC5-A52A-14C31248A9D4}
	EndProjectSection
EndProject
Project("{8BC9CEB8-8B4A-11D0-8D11-00A0C91BC942}") = "samplePhysicsDemo", "samples\physics\samplePhysicsDemo.vcproj", "{3DA99679-404B-44C7-9267-C97D066F3D96}"
	ProjectSection(ProjectDependencies) = postProject
		{1AF3930A-4E72-4455-AFD0-6B78684105CD} = {1AF3930A-4E72-4455-AFD0-6B78684105CD}
		{1C674F1C-7DDF-4AC5-A52A-14C31248A9D4} = {1C674F1C-7DDF-4AC5-A52A-14C31248A9D4}
		{ECC8FA24-93AC-4659-8EBD-26B6F418AC64} = {ECC8FA24-93AC-4659-8EBD-26B6F418AC64}
		{42BB6F78-B04C-4968-AA5E-271DC45BEFBB} = {42BB6F78-B04C-4968-AA5E-271DC45BEFBB}
		{77A59B89-C2B3-429C-8317-ADE0D046CC3B} = {77A59B89-C2B3-429C-8317-ADE0D046CC3B}
		{2F5124AA-56BD-4909-811A-E79901978C86} = {2F5124AA-56BD-4909-811A-E79901978C86}
		{D29771DD-715F-452B-B71C-911BACF5956D} = {D29771DD-715F-452B-B71C-911BACF5956D}
	EndProjectSection
EndProject
Project("{8BC9CEB8-8B4A-11D0-8D11-00A0C91BC942}") = "reflection", "reflection.vcproj", "{215FEC33-87C9-47E1-80EF-2FC735508B57}"
EndProject
Project("{8BC9CEB8-8B4A-11D0-8D11-00A0C91BC942}") = "thread", "thread.vcproj", "{AA46155A-CCE2-4B9F-BBA2-84E827CF6222}"
EndProject
Project("{8BC9CEB8-8B4A-11D0-8D11-00A0C91BC942}") = "sampleThread1", "samples\thread\sampleThread1.vcproj", "{2E9B8C5F-AC44-478B-AE7F-8C6DC3EA3654}"
	ProjectSection(ProjectDependencies) = postProject
		{AA46155A-CCE2-4B9F-BBA2-84E827CF6222} = {AA46155A-CCE2-4B9F-BBA2-84E827CF6222}
		{D29771DD-715F-452B-B71C-911BACF5956D} = {D29771DD-715F-452B-B71C-911BACF5956D}
	EndProjectSection
EndProject
Project("{8BC9CEB8-8B4A-11D0-8D11-00A0C91BC942}") = "sample_application", "samples\application\sample_application.vcproj", "{44C8B2A3-281A-4910-A737-7EA1F6F43E35}"
	ProjectSection(ProjectDependencies) = postProject
		{ECC8FA24-93AC-4659-8EBD-26B6F418AC64} = {ECC8FA24-93AC-4659-8EBD-26B6F418AC64}
		{D29771DD-715F-452B-B71C-911BACF5956D} = {D29771DD-715F-452B-B71C-911BACF5956D}
	EndProjectSection
EndProject
Project("{8BC9CEB8-8B4A-11D0-8D11-00A0C91BC942}") = "graphicsBindingsLua", "plugins\scripting\graphicsLuaBindings.vcproj", "{2D5E8A7F-96DA-4CC5-BFC8-430916ACF18A}"
	ProjectSection(ProjectDependencies) = postProject
		{41CEA11B-9678-43E5-B2F4-754944D7B461} = {41CEA11B-9678-43E5-B2F4-754944D7B461}
		{ECC8FA24-93AC-4659-8EBD-26B6F418AC64} = {ECC8FA24-93AC-4659-8EBD-26B6F418AC64}
		{8A16CDB5-B272-49AD-AF22-B8FD0E5E1A03} = {8A16CDB5-B272-49AD-AF22-B8FD0E5E1A03}
		{D29771DD-715F-452B-B71C-911BACF5956D} = {D29771DD-715F-452B-B71C-911BACF5956D}
	EndProjectSection
EndProject
Project("{8BC9CEB8-8B4A-11D0-8D11-00A0C91BC942}") = "baseBindingsLua", "plugins\scripting\baseLuaBindings.vcproj", "{3867E9A4-41F3-4969-B0A8-40757BCB6C29}"
	ProjectSection(ProjectDependencies) = postProject
		{41CEA11B-9678-43E5-B2F4-754944D7B461} = {41CEA11B-9678-43E5-B2F4-754944D7B461}
		{8A16CDB5-B272-49AD-AF22-B8FD0E5E1A03} = {8A16CDB5-B272-49AD-AF22-B8FD0E5E1A03}
		{D29771DD-715F-452B-B71C-911BACF5956D} = {D29771DD-715F-452B-B71C-911BACF5956D}
	EndProjectSection
EndProject
Project("{8BC9CEB8-8B4A-11D0-8D11-00A0C91BC942}") = "yapp", "yapp.vcproj", "{F1116FDF-65C1-4788-AC1F-F339279B937A}"
	ProjectSection(ProjectDependencies) = postProject
		{1C674F1C-7DDF-4AC5-A52A-14C31248A9D4} = {1C674F1C-7DDF-4AC5-A52A-14C31248A9D4}
		{ECC8FA24-93AC-4659-8EBD-26B6F418AC64} = {ECC8FA24-93AC-4659-8EBD-26B6F418AC64}
		{42BB6F78-B04C-4968-AA5E-271DC45BEFBB} = {42BB6F78-B04C-4968-AA5E-271DC45BEFBB}
		{77A59B89-C2B3-429C-8317-ADE0D046CC3B} = {77A59B89-C2B3-429C-8317-ADE0D046CC3B}
		{8A16CDB5-B272-49AD-AF22-B8FD0E5E1A03} = {8A16CDB5-B272-49AD-AF22-B8FD0E5E1A03}
	EndProjectSection
EndProject
Project("{8BC9CEB8-8B4A-11D0-8D11-00A0C91BC942}") = "raf", "raf.vcproj", "{6D6DD5E8-3B81-4C98-B460-B434DEE23EE2}"
EndProject
Project("{8BC9CEB8-8B4A-11D0-8D11-00A0C91BC942}") = "msg", "msg.vcproj", "{7EB6A55E-D262-4C82-862C-33E831DDF04C}"
EndProject
Project("{8BC9CEB8-8B4A-11D0-8D11-00A0C91BC942}") = "ent", "ent.vcproj", "{B145E9A0-2656-4481-972A-39A6A0568F14}"
EndProject
Project("{8BC9CEB8-8B4A-11D0-8D11-00A0C91BC942}") = "entCommon", "plugins\ent\entCommon.vcproj", "{9E975777-551F-45F8-85FD-40BE6B0183A4}"
EndProject
Project("{8BC9CEB8-8B4A-11D0-8D11-00A0C91BC942}") = "entLua", "plugins\ent\entLua.vcproj", "{3EEED188-5D62-476B-9CF3-022EBBAFFD12}"
EndProject
Project("{8BC9CEB8-8B4A-11D0-8D11-00A0C91BC942}") = "ceguiOgreRendererAdapter", "plugins\gui\ceguiOgreRendererAdapter.vcproj", "{526DC299-3C9B-46ED-8C16-0490AE5CAE88}"
EndProject
Project("{8BC9CEB8-8B4A-11D0-8D11-00A0C91BC942}") = "modelLua", "plugins\model\modelLua.vcproj", "{8150E623-2456-4152-AC96-D302B1CFF6E9}"
EndProject
Project("{8BC9CEB8-8B4A-11D0-8D11-00A0C91BC942}") = "sampleEvents", "samples\base\sampleEvents.vcproj", "{CD6F13A0-F399-411A-9766-0F8E02761D90}"
	ProjectSection(ProjectDependencies) = postProject
		{7EB6A55E-D262-4C82-862C-33E831DDF04C} = {7EB6A55E-D262-4C82-862C-33E831DDF04C}
		{F1116FDF-65C1-4788-AC1F-F339279B937A} = {F1116FDF-65C1-4788-AC1F-F339279B937A}
	EndProjectSection
EndProject
Project("{8BC9CEB8-8B4A-11D0-8D11-00A0C91BC942}") = "sampleVehicle", "samples\base\sampleVehicle.vcproj", "{B9A9E534-6EB6-4667-B91B-74B930636F5E}"
	ProjectSection(ProjectDependencies) = postProject
		{EAEC3A1F-2888-4EAC-869D-BFA70FD56A65} = {EAEC3A1F-2888-4EAC-869D-BFA70FD56A65}
	EndProjectSection
EndProject
Project("{8BC9CEB8-8B4A-11D0-8D11-00A0C91BC942}") = "sampleDotScene", "samples\graphics\sampleDotScene.vcproj", "{8E612AD0-68D1-445E-A31E-7CB1CCA18CA0}"
	ProjectSection(ProjectDependencies) = postProject
		{F1116FDF-65C1-4788-AC1F-F339279B937A} = {F1116FDF-65C1-4788-AC1F-F339279B937A}
	EndProjectSection
EndProject
Project("{8BC9CEB8-8B4A-11D0-8D11-00A0C91BC942}") = "sampleCar", "samples\misc\sampleCar.vcproj", "{EE77E955-42BD-47A4-BDC6-D92759F45D01}"
	ProjectSection(ProjectDependencies) = postProject
		{EAEC3A1F-2888-4EAC-869D-BFA70FD56A65} = {EAEC3A1F-2888-4EAC-869D-BFA70FD56A65}
	EndProjectSection
EndProject
Project("{8BC9CEB8-8B4A-11D0-8D11-00A0C91BC942}") = "sampleGuiConsole", "samples\misc\sampleGuiConsole.vcproj", "{6B6A5F65-AA92-4ABF-A95A-4AC302CB44E9}"
	ProjectSection(ProjectDependencies) = postProject
		{F1116FDF-65C1-4788-AC1F-F339279B937A} = {F1116FDF-65C1-4788-AC1F-F339279B937A}
	EndProjectSection
EndProject
Project("{8BC9CEB8-8B4A-11D0-8D11-00A0C91BC942}") = "sampleScripted", "samples\misc\sampleScripted.vcproj", "{6EA2B9BF-2FDA-4E31-BF17-C56709DFB4D4}"
EndProject
Project("{8BC9CEB8-8B4A-11D0-8D11-00A0C91BC942}") = "sampleScriptedGraphics", "samples\misc\sampleScriptedGraphics.vcproj", "{B85C2435-267A-461C-AD9E-FE28EE7DCC12}"
	ProjectSection(ProjectDependencies) = postProject
		{CA63F621-0912-4551-B51A-7BD18F491181} = {CA63F621-0912-4551-B51A-7BD18F491181}
		{F1116FDF-65C1-4788-AC1F-F339279B937A} = {F1116FDF-65C1-4788-AC1F-F339279B937A}
	EndProjectSection
EndProject
Project("{8BC9CEB8-8B4A-11D0-8D11-00A0C91BC942}") = "sampleDotLink", "samples\model\sampleDotLink.vcproj", "{1C76B4C7-8ECE-4C0D-81B4-B65707F96510}"
	ProjectSection(ProjectDependencies) = postProject
		{F1116FDF-65C1-4788-AC1F-F339279B937A} = {F1116FDF-65C1-4788-AC1F-F339279B937A}
	EndProjectSection
EndProject
Project("{8BC9CEB8-8B4A-11D0-8D11-00A0C91BC942}") = "sampleSync1", "samples\model\sampleSync1.vcproj", "{A2E804D9-C95C-47EB-87AB-FAA8A6CAC21B}"
EndProject
Project("{8BC9CEB8-8B4A-11D0-8D11-00A0C91BC942}") = "sampleXODE", "samples\model\sampleXODE.vcproj", "{0FCB117D-9915-40AE-A86D-99C3D6EB7B2C}"
	ProjectSection(ProjectDependencies) = postProject
		{8A16CDB5-B272-49AD-AF22-B8FD0E5E1A03} = {8A16CDB5-B272-49AD-AF22-B8FD0E5E1A03}
		{F1116FDF-65C1-4788-AC1F-F339279B937A} = {F1116FDF-65C1-4788-AC1F-F339279B937A}
	EndProjectSection
EndProject
Project("{8BC9CEB8-8B4A-11D0-8D11-00A0C91BC942}") = "sampleRafDemo1", "samples\raf\sampleRafDemo1.vcproj", "{BAA11C61-DA21-4E6F-8B5C-16A062720F1C}"
	ProjectSection(ProjectDependencies) = postProject
		{6D6DD5E8-3B81-4C98-B460-B434DEE23EE2} = {6D6DD5E8-3B81-4C98-B460-B434DEE23EE2}
	EndProjectSection
EndProject
Project("{8BC9CEB8-8B4A-11D0-8D11-00A0C91BC942}") = "sampleRafMinimal", "samples\raf\sampleRafMinimal.vcproj", "{9B57BE31-B084-4AB4-AFEF-E45A0FFD220D}"
	ProjectSection(ProjectDependencies) = postProject
		{6D6DD5E8-3B81-4C98-B460-B434DEE23EE2} = {6D6DD5E8-3B81-4C98-B460-B434DEE23EE2}
	EndProjectSection
EndProject
Project("{8BC9CEB8-8B4A-11D0-8D11-00A0C91BC942}") = "sampleStateMachine", "samples\state\sampleStateMachine.vcproj", "{84F0FA89-EB3D-47D6-9C6E-628434AE2C70}"
	ProjectSection(ProjectDependencies) = postProject
		{F1116FDF-65C1-4788-AC1F-F339279B937A} = {F1116FDF-65C1-4788-AC1F-F339279B937A}
	EndProjectSection
EndProject
Project("{8BC9CEB8-8B4A-11D0-8D11-00A0C91BC942}") = "vehicle", "vehicle.vcproj", "{EAEC3A1F-2888-4EAC-869D-BFA70FD56A65}"
	ProjectSection(ProjectDependencies) = postProject
		{F1116FDF-65C1-4788-AC1F-F339279B937A} = {F1116FDF-65C1-4788-AC1F-F339279B937A}
	EndProjectSection
EndProject
Project("{8BC9CEB8-8B4A-11D0-8D11-00A0C91BC942}") = "sampleCmdrMayhem", "samples\misc\sampleCmdrMayhem.vcproj", "{1CE9D735-3119-4E08-B4A0-F4DAD35FC8D5}"
EndProject
Project("{8BC9CEB8-8B4A-11D0-8D11-00A0C91BC942}") = "object", "object.vcproj", "{CD73E4D1-5832-4DC1-8E65-06052BBD6F49}"
EndProject
Project("{8BC9CEB8-8B4A-11D0-8D11-00A0C91BC942}") = "net", "net.vcproj", "{90688422-B178-44F3-824A-C8CD6F3BD86F}"
EndProject
Project("{8BC9CEB8-8B4A-11D0-8D11-00A0C91BC942}") = "sampleRoServer", "samples\net\sampleRoServer.vcproj", "{547611C2-43E2-4678-B8E9-92CF69770C40}"
EndProject
Project("{8BC9CEB8-8B4A-11D0-8D11-00A0C91BC942}") = "sampleRoClient", "samples\net\sampleRoClient.vcproj", "{4F5EEBEB-7594-4934-8DF5-FB4604E84CCB}"
EndProject
Global
	GlobalSection(SolutionConfigurationPlatforms) = preSolution
		Debug|Win32 = Debug|Win32
		Release|Win32 = Release|Win32
	EndGlobalSection
	GlobalSection(ProjectConfigurationPlatforms) = postSolution
		{D29771DD-715F-452B-B71C-911BACF5956D}.Debug|Win32.ActiveCfg = Debug|Win32
		{D29771DD-715F-452B-B71C-911BACF5956D}.Debug|Win32.Build.0 = Debug|Win32
		{D29771DD-715F-452B-B71C-911BACF5956D}.Release|Win32.ActiveCfg = Release|Win32
		{D29771DD-715F-452B-B71C-911BACF5956D}.Release|Win32.Build.0 = Release|Win32
		{ECC8FA24-93AC-4659-8EBD-26B6F418AC64}.Debug|Win32.ActiveCfg = Debug|Win32
		{ECC8FA24-93AC-4659-8EBD-26B6F418AC64}.Debug|Win32.Build.0 = Debug|Win32
		{ECC8FA24-93AC-4659-8EBD-26B6F418AC64}.Release|Win32.ActiveCfg = Release|Win32
		{ECC8FA24-93AC-4659-8EBD-26B6F418AC64}.Release|Win32.Build.0 = Release|Win32
		{A2C2A0B2-2EB0-4254-891D-FE93466809CF}.Debug|Win32.ActiveCfg = Debug|Win32
		{A2C2A0B2-2EB0-4254-891D-FE93466809CF}.Debug|Win32.Build.0 = Debug|Win32
		{A2C2A0B2-2EB0-4254-891D-FE93466809CF}.Release|Win32.ActiveCfg = Release|Win32
		{A2C2A0B2-2EB0-4254-891D-FE93466809CF}.Release|Win32.Build.0 = Release|Win32
		{F6E2B937-448D-4ADE-9A8F-7DDF0CB38865}.Debug|Win32.ActiveCfg = Debug|Win32
		{F6E2B937-448D-4ADE-9A8F-7DDF0CB38865}.Debug|Win32.Build.0 = Debug|Win32
		{F6E2B937-448D-4ADE-9A8F-7DDF0CB38865}.Release|Win32.ActiveCfg = Release|Win32
		{F6E2B937-448D-4ADE-9A8F-7DDF0CB38865}.Release|Win32.Build.0 = Release|Win32
		{F6E2B937-449D-4ADE-9A8F-7DDF0CB38866}.Debug|Win32.ActiveCfg = Debug|Win32
		{F6E2B937-449D-4ADE-9A8F-7DDF0CB38866}.Debug|Win32.Build.0 = Debug|Win32
		{F6E2B937-449D-4ADE-9A8F-7DDF0CB38866}.Release|Win32.ActiveCfg = Release|Win32
		{F6E2B937-449D-4ADE-9A8F-7DDF0CB38866}.Release|Win32.Build.0 = Release|Win32
		{7E0CC2D4-0DDE-419A-81DE-EE0739673432}.Debug|Win32.ActiveCfg = Debug|Win32
		{7E0CC2D4-0DDE-419A-81DE-EE0739673432}.Debug|Win32.Build.0 = Debug|Win32
		{7E0CC2D4-0DDE-419A-81DE-EE0739673432}.Release|Win32.ActiveCfg = Release|Win32
		{7E0CC2D4-0DDE-419A-81DE-EE0739673432}.Release|Win32.Build.0 = Release|Win32
		{BCA46ED8-E97C-49D0-A521-FA8E7CEB885A}.Debug|Win32.ActiveCfg = Debug|Win32
		{BCA46ED8-E97C-49D0-A521-FA8E7CEB885A}.Debug|Win32.Build.0 = Debug|Win32
		{BCA46ED8-E97C-49D0-A521-FA8E7CEB885A}.Release|Win32.ActiveCfg = Release|Win32
		{BCA46ED8-E97C-49D0-A521-FA8E7CEB885A}.Release|Win32.Build.0 = Release|Win32
		{0CA5014D-D3E7-4B2B-B993-75788097E065}.Debug|Win32.ActiveCfg = Debug|Win32
		{0CA5014D-D3E7-4B2B-B993-75788097E065}.Debug|Win32.Build.0 = Debug|Win32
		{0CA5014D-D3E7-4B2B-B993-75788097E065}.Release|Win32.ActiveCfg = Release|Win32
		{0CA5014D-D3E7-4B2B-B993-75788097E065}.Release|Win32.Build.0 = Release|Win32
		{6876FBCB-B5AD-493E-ADE4-F81441BC4EF2}.Debug|Win32.ActiveCfg = Debug|Win32
		{6876FBCB-B5AD-493E-ADE4-F81441BC4EF2}.Debug|Win32.Build.0 = Debug|Win32
		{6876FBCB-B5AD-493E-ADE4-F81441BC4EF2}.Release|Win32.ActiveCfg = Release|Win32
		{6876FBCB-B5AD-493E-ADE4-F81441BC4EF2}.Release|Win32.Build.0 = Release|Win32
		{6876FBCB-B5AD-494E-ADE4-F81441BC4EF9}.Debug|Win32.ActiveCfg = Debug|Win32
		{6876FBCB-B5AD-494E-ADE4-F81441BC4EF9}.Debug|Win32.Build.0 = Debug|Win32
		{6876FBCB-B5AD-494E-ADE4-F81441BC4EF9}.Release|Win32.ActiveCfg = Release|Win32
		{6876FBCB-B5AD-494E-ADE4-F81441BC4EF9}.Release|Win32.Build.0 = Release|Win32
		{723A2F36-A3DC-40E5-A7B0-0629219B04DE}.Debug|Win32.ActiveCfg = Debug|Win32
		{723A2F36-A3DC-40E5-A7B0-0629219B04DE}.Debug|Win32.Build.0 = Debug|Win32
		{723A2F36-A3DC-40E5-A7B0-0629219B04DE}.Release|Win32.ActiveCfg = Release|Win32
		{723A2F36-A3DC-40E5-A7B0-0629219B04DE}.Release|Win32.Build.0 = Release|Win32
		{1C674F1C-7DDF-4AC5-A52A-14C31248A9D4}.Debug|Win32.ActiveCfg = Debug|Win32
		{1C674F1C-7DDF-4AC5-A52A-14C31248A9D4}.Debug|Win32.Build.0 = Debug|Win32
		{1C674F1C-7DDF-4AC5-A52A-14C31248A9D4}.Release|Win32.ActiveCfg = Release|Win32
		{1C674F1C-7DDF-4AC5-A52A-14C31248A9D4}.Release|Win32.Build.0 = Release|Win32
		{2F5124AA-56BD-4909-811A-E79901978C86}.Debug|Win32.ActiveCfg = Debug|Win32
		{2F5124AA-56BD-4909-811A-E79901978C86}.Debug|Win32.Build.0 = Debug|Win32
		{2F5124AA-56BD-4909-811A-E79901978C86}.Release|Win32.ActiveCfg = Release|Win32
		{2F5124AA-56BD-4909-811A-E79901978C86}.Release|Win32.Build.0 = Release|Win32
		{1AF3930A-4E72-4455-AFD0-6B78684105CD}.Debug|Win32.ActiveCfg = Debug|Win32
		{1AF3930A-4E72-4455-AFD0-6B78684105CD}.Debug|Win32.Build.0 = Debug|Win32
		{1AF3930A-4E72-4455-AFD0-6B78684105CD}.Release|Win32.ActiveCfg = Release|Win32
		{1AF3930A-4E72-4455-AFD0-6B78684105CD}.Release|Win32.Build.0 = Release|Win32
		{A1A2FE19-7B7E-42F1-808B-8FA5B6AA697E}.Debug|Win32.ActiveCfg = Debug|Win32
		{A1A2FE19-7B7E-42F1-808B-8FA5B6AA697E}.Debug|Win32.Build.0 = Debug|Win32
		{A1A2FE19-7B7E-42F1-808B-8FA5B6AA697E}.Release|Win32.ActiveCfg = Release|Win32
		{A1A2FE19-7B7E-42F1-808B-8FA5B6AA697E}.Release|Win32.Build.0 = Release|Win32
		{8A16CDB5-B272-49AD-AF22-B8FD0E5E1A03}.Debug|Win32.ActiveCfg = Debug|Win32
		{8A16CDB5-B272-49AD-AF22-B8FD0E5E1A03}.Debug|Win32.Build.0 = Debug|Win32
		{8A16CDB5-B272-49AD-AF22-B8FD0E5E1A03}.Release|Win32.ActiveCfg = Release|Win32
		{8A16CDB5-B272-49AD-AF22-B8FD0E5E1A03}.Release|Win32.Build.0 = Release|Win32
		{41CEA11B-9678-43E5-B2F4-754944D7B461}.Debug|Win32.ActiveCfg = Debug|Win32
		{41CEA11B-9678-43E5-B2F4-754944D7B461}.Debug|Win32.Build.0 = Debug|Win32
		{41CEA11B-9678-43E5-B2F4-754944D7B461}.Release|Win32.ActiveCfg = Release|Win32
		{41CEA11B-9678-43E5-B2F4-754944D7B461}.Release|Win32.Build.0 = Release|Win32
		{26B28ECB-A1FD-4CC0-A5EE-6E4587BBB058}.Debug|Win32.ActiveCfg = Debug|Win32
		{26B28ECB-A1FD-4CC0-A5EE-6E4587BBB058}.Debug|Win32.Build.0 = Debug|Win32
		{26B28ECB-A1FD-4CC0-A5EE-6E4587BBB058}.Release|Win32.ActiveCfg = Release|Win32
		{26B28ECB-A1FD-4CC0-A5EE-6E4587BBB058}.Release|Win32.Build.0 = Release|Win32
		{77A59B89-C2B3-429C-8317-ADE0D046CC3B}.Debug|Win32.ActiveCfg = Debug|Win32
		{77A59B89-C2B3-429C-8317-ADE0D046CC3B}.Debug|Win32.Build.0 = Debug|Win32
		{77A59B89-C2B3-429C-8317-ADE0D046CC3B}.Release|Win32.ActiveCfg = Release|Win32
		{77A59B89-C2B3-429C-8317-ADE0D046CC3B}.Release|Win32.Build.0 = Release|Win32
		{22EFD734-D8C5-47D6-8461-C37E02A9F0B6}.Debug|Win32.ActiveCfg = Debug|Win32
		{22EFD734-D8C5-47D6-8461-C37E02A9F0B6}.Debug|Win32.Build.0 = Debug|Win32
		{22EFD734-D8C5-47D6-8461-C37E02A9F0B6}.Release|Win32.ActiveCfg = Release|Win32
		{22EFD734-D8C5-47D6-8461-C37E02A9F0B6}.Release|Win32.Build.0 = Release|Win32
		{CA63F621-0912-4551-B51A-7BD18F491181}.Debug|Win32.ActiveCfg = Debug|Win32
		{CA63F621-0912-4551-B51A-7BD18F491181}.Debug|Win32.Build.0 = Debug|Win32
		{CA63F621-0912-4551-B51A-7BD18F491181}.Release|Win32.ActiveCfg = Release|Win32
		{CA63F621-0912-4551-B51A-7BD18F491181}.Release|Win32.Build.0 = Release|Win32
		{42BB6F78-B04C-4968-AA5E-271DC45BEFBB}.Debug|Win32.ActiveCfg = Debug|Win32
		{42BB6F78-B04C-4968-AA5E-271DC45BEFBB}.Debug|Win32.Build.0 = Debug|Win32
		{42BB6F78-B04C-4968-AA5E-271DC45BEFBB}.Release|Win32.ActiveCfg = Release|Win32
		{42BB6F78-B04C-4968-AA5E-271DC45BEFBB}.Release|Win32.Build.0 = Release|Win32
		{66DC2F33-EF4C-46A0-9955-6A60F75D8279}.Debug|Win32.ActiveCfg = Debug|Win32
		{66DC2F33-EF4C-46A0-9955-6A60F75D8279}.Debug|Win32.Build.0 = Debug|Win32
		{66DC2F33-EF4C-46A0-9955-6A60F75D8279}.Release|Win32.ActiveCfg = Release|Win32
		{66DC2F33-EF4C-46A0-9955-6A60F75D8279}.Release|Win32.Build.0 = Release|Win32
		{5749946B-081D-4A80-8119-2BE84F571E81}.Debug|Win32.ActiveCfg = Debug|Win32
		{5749946B-081D-4A80-8119-2BE84F571E81}.Debug|Win32.Build.0 = Debug|Win32
		{5749946B-081D-4A80-8119-2BE84F571E81}.Release|Win32.ActiveCfg = Release|Win32
		{5749946B-081D-4A80-8119-2BE84F571E81}.Release|Win32.Build.0 = Release|Win32
		{3DA99679-404B-44C7-9267-C97D066F3D96}.Debug|Win32.ActiveCfg = Debug|Win32
		{3DA99679-404B-44C7-9267-C97D066F3D96}.Debug|Win32.Build.0 = Debug|Win32
		{3DA99679-404B-44C7-9267-C97D066F3D96}.Release|Win32.ActiveCfg = Release|Win32
		{3DA99679-404B-44C7-9267-C97D066F3D96}.Release|Win32.Build.0 = Release|Win32
		{215FEC33-87C9-47E1-80EF-2FC735508B57}.Debug|Win32.ActiveCfg = Debug|Win32
		{215FEC33-87C9-47E1-80EF-2FC735508B57}.Debug|Win32.Build.0 = Debug|Win32
		{215FEC33-87C9-47E1-80EF-2FC735508B57}.Release|Win32.ActiveCfg = Release|Win32
		{215FEC33-87C9-47E1-80EF-2FC735508B57}.Release|Win32.Build.0 = Release|Win32
		{AA46155A-CCE2-4B9F-BBA2-84E827CF6222}.Debug|Win32.ActiveCfg = Debug|Win32
		{AA46155A-CCE2-4B9F-BBA2-84E827CF6222}.Debug|Win32.Build.0 = Debug|Win32
		{AA46155A-CCE2-4B9F-BBA2-84E827CF6222}.Release|Win32.ActiveCfg = Release|Win32
		{AA46155A-CCE2-4B9F-BBA2-84E827CF6222}.Release|Win32.Build.0 = Release|Win32
		{2E9B8C5F-AC44-478B-AE7F-8C6DC3EA3654}.Debug|Win32.ActiveCfg = Debug|Win32
		{2E9B8C5F-AC44-478B-AE7F-8C6DC3EA3654}.Debug|Win32.Build.0 = Debug|Win32
		{2E9B8C5F-AC44-478B-AE7F-8C6DC3EA3654}.Release|Win32.ActiveCfg = Release|Win32
		{2E9B8C5F-AC44-478B-AE7F-8C6DC3EA3654}.Release|Win32.Build.0 = Release|Win32
		{44C8B2A3-281A-4910-A737-7EA1F6F43E35}.Debug|Win32.ActiveCfg = Debug|Win32
		{44C8B2A3-281A-4910-A737-7EA1F6F43E35}.Debug|Win32.Build.0 = Debug|Win32
		{44C8B2A3-281A-4910-A737-7EA1F6F43E35}.Release|Win32.ActiveCfg = Release|Win32
		{44C8B2A3-281A-4910-A737-7EA1F6F43E35}.Release|Win32.Build.0 = Release|Win32
		{2D5E8A7F-96DA-4CC5-BFC8-430916ACF18A}.Debug|Win32.ActiveCfg = Debug|Win32
		{2D5E8A7F-96DA-4CC5-BFC8-430916ACF18A}.Release|Win32.ActiveCfg = Release|Win32
		{3867E9A4-41F3-4969-B0A8-40757BCB6C29}.Debug|Win32.ActiveCfg = Debug|Win32
		{3867E9A4-41F3-4969-B0A8-40757BCB6C29}.Debug|Win32.Build.0 = Debug|Win32
		{3867E9A4-41F3-4969-B0A8-40757BCB6C29}.Release|Win32.ActiveCfg = Release|Win32
		{3867E9A4-41F3-4969-B0A8-40757BCB6C29}.Release|Win32.Build.0 = Release|Win32
		{F1116FDF-65C1-4788-AC1F-F339279B937A}.Debug|Win32.ActiveCfg = Debug|Win32
		{F1116FDF-65C1-4788-AC1F-F339279B937A}.Debug|Win32.Build.0 = Debug|Win32
		{F1116FDF-65C1-4788-AC1F-F339279B937A}.Release|Win32.ActiveCfg = Release|Win32
		{F1116FDF-65C1-4788-AC1F-F339279B937A}.Release|Win32.Build.0 = Release|Win32
		{6D6DD5E8-3B81-4C98-B460-B434DEE23EE2}.Debug|Win32.ActiveCfg = Debug|Win32
		{6D6DD5E8-3B81-4C98-B460-B434DEE23EE2}.Debug|Win32.Build.0 = Debug|Win32
		{6D6DD5E8-3B81-4C98-B460-B434DEE23EE2}.Release|Win32.ActiveCfg = Release|Win32
		{6D6DD5E8-3B81-4C98-B460-B434DEE23EE2}.Release|Win32.Build.0 = Release|Win32
		{7EB6A55E-D262-4C82-862C-33E831DDF04C}.Debug|Win32.ActiveCfg = Debug|Win32
		{7EB6A55E-D262-4C82-862C-33E831DDF04C}.Debug|Win32.Build.0 = Debug|Win32
		{7EB6A55E-D262-4C82-862C-33E831DDF04C}.Release|Win32.ActiveCfg = Release|Win32
		{7EB6A55E-D262-4C82-862C-33E831DDF04C}.Release|Win32.Build.0 = Release|Win32
		{B145E9A0-2656-4481-972A-39A6A0568F14}.Debug|Win32.ActiveCfg = Debug|Win32
		{B145E9A0-2656-4481-972A-39A6A0568F14}.Debug|Win32.Build.0 = Debug|Win32
		{B145E9A0-2656-4481-972A-39A6A0568F14}.Release|Win32.ActiveCfg = Release|Win32
		{B145E9A0-2656-4481-972A-39A6A0568F14}.Release|Win32.Build.0 = Release|Win32
		{9E975777-551F-45F8-85FD-40BE6B0183A4}.Debug|Win32.ActiveCfg = Debug|Win32
		{9E975777-551F-45F8-85FD-40BE6B0183A4}.Debug|Win32.Build.0 = Debug|Win32
		{9E975777-551F-45F8-85FD-40BE6B0183A4}.Release|Win32.ActiveCfg = Release|Win32
		{9E975777-551F-45F8-85FD-40BE6B0183A4}.Release|Win32.Build.0 = Release|Win32
		{3EEED188-5D62-476B-9CF3-022EBBAFFD12}.Debug|Win32.ActiveCfg = Debug|Win32
		{3EEED188-5D62-476B-9CF3-022EBBAFFD12}.Debug|Win32.Build.0 = Debug|Win32
		{3EEED188-5D62-476B-9CF3-022EBBAFFD12}.Release|Win32.ActiveCfg = Release|Win32
		{3EEED188-5D62-476B-9CF3-022EBBAFFD12}.Release|Win32.Build.0 = Release|Win32
		{526DC299-3C9B-46ED-8C16-0490AE5CAE88}.Debug|Win32.ActiveCfg = Debug|Win32
		{526DC299-3C9B-46ED-8C16-0490AE5CAE88}.Debug|Win32.Build.0 = Debug|Win32
		{526DC299-3C9B-46ED-8C16-0490AE5CAE88}.Release|Win32.ActiveCfg = Release|Win32
		{526DC299-3C9B-46ED-8C16-0490AE5CAE88}.Release|Win32.Build.0 = Release|Win32
		{8150E623-2456-4152-AC96-D302B1CFF6E9}.Debug|Win32.ActiveCfg = Debug|Win32
		{8150E623-2456-4152-AC96-D302B1CFF6E9}.Debug|Win32.Build.0 = Debug|Win32
		{8150E623-2456-4152-AC96-D302B1CFF6E9}.Release|Win32.ActiveCfg = Release|Win32
		{8150E623-2456-4152-AC96-D302B1CFF6E9}.Release|Win32.Build.0 = Release|Win32
		{CD6F13A0-F399-411A-9766-0F8E02761D90}.Debug|Win32.ActiveCfg = Debug|Win32
		{CD6F13A0-F399-411A-9766-0F8E02761D90}.Debug|Win32.Build.0 = Debug|Win32
		{CD6F13A0-F399-411A-9766-0F8E02761D90}.Release|Win32.ActiveCfg = Release|Win32
		{CD6F13A0-F399-411A-9766-0F8E02761D90}.Release|Win32.Build.0 = Release|Win32
		{B9A9E534-6EB6-4667-B91B-74B930636F5E}.Debug|Win32.ActiveCfg = Debug|Win32
		{B9A9E534-6EB6-4667-B91B-74B930636F5E}.Debug|Win32.Build.0 = Debug|Win32
		{B9A9E534-6EB6-4667-B91B-74B930636F5E}.Release|Win32.ActiveCfg = Release|Win32
		{B9A9E534-6EB6-4667-B91B-74B930636F5E}.Release|Win32.Build.0 = Release|Win32
		{8E612AD0-68D1-445E-A31E-7CB1CCA18CA0}.Debug|Win32.ActiveCfg = Debug|Win32
		{8E612AD0-68D1-445E-A31E-7CB1CCA18CA0}.Debug|Win32.Build.0 = Debug|Win32
		{8E612AD0-68D1-445E-A31E-7CB1CCA18CA0}.Release|Win32.ActiveCfg = Release|Win32
		{8E612AD0-68D1-445E-A31E-7CB1CCA18CA0}.Release|Win32.Build.0 = Release|Win32
		{EE77E955-42BD-47A4-BDC6-D92759F45D01}.Debug|Win32.ActiveCfg = Debug|Win32
		{EE77E955-42BD-47A4-BDC6-D92759F45D01}.Debug|Win32.Build.0 = Debug|Win32
		{EE77E955-42BD-47A4-BDC6-D92759F45D01}.Release|Win32.ActiveCfg = Release|Win32
		{EE77E955-42BD-47A4-BDC6-D92759F45D01}.Release|Win32.Build.0 = Release|Win32
		{6B6A5F65-AA92-4ABF-A95A-4AC302CB44E9}.Debug|Win32.ActiveCfg = Debug|Win32
		{6B6A5F65-AA92-4ABF-A95A-4AC302CB44E9}.Debug|Win32.Build.0 = Debug|Win32
		{6B6A5F65-AA92-4ABF-A95A-4AC302CB44E9}.Release|Win32.ActiveCfg = Release|Win32
		{6B6A5F65-AA92-4ABF-A95A-4AC302CB44E9}.Release|Win32.Build.0 = Release|Win32
		{6EA2B9BF-2FDA-4E31-BF17-C56709DFB4D4}.Debug|Win32.ActiveCfg = Debug|Win32
		{6EA2B9BF-2FDA-4E31-BF17-C56709DFB4D4}.Debug|Win32.Build.0 = Debug|Win32
		{6EA2B9BF-2FDA-4E31-BF17-C56709DFB4D4}.Release|Win32.ActiveCfg = Release|Win32
		{6EA2B9BF-2FDA-4E31-BF17-C56709DFB4D4}.Release|Win32.Build.0 = Release|Win32
		{B85C2435-267A-461C-AD9E-FE28EE7DCC12}.Debug|Win32.ActiveCfg = Debug|Win32
		{B85C2435-267A-461C-AD9E-FE28EE7DCC12}.Debug|Win32.Build.0 = Debug|Win32
		{B85C2435-267A-461C-AD9E-FE28EE7DCC12}.Release|Win32.ActiveCfg = Release|Win32
		{B85C2435-267A-461C-AD9E-FE28EE7DCC12}.Release|Win32.Build.0 = Release|Win32
		{1C76B4C7-8ECE-4C0D-81B4-B65707F96510}.Debug|Win32.ActiveCfg = Debug|Win32
		{1C76B4C7-8ECE-4C0D-81B4-B65707F96510}.Debug|Win32.Build.0 = Debug|Win32
		{1C76B4C7-8ECE-4C0D-81B4-B65707F96510}.Release|Win32.ActiveCfg = Release|Win32
		{1C76B4C7-8ECE-4C0D-81B4-B65707F96510}.Release|Win32.Build.0 = Release|Win32
		{A2E804D9-C95C-47EB-87AB-FAA8A6CAC21B}.Debug|Win32.ActiveCfg = Debug|Win32
		{A2E804D9-C95C-47EB-87AB-FAA8A6CAC21B}.Debug|Win32.Build.0 = Debug|Win32
		{A2E804D9-C95C-47EB-87AB-FAA8A6CAC21B}.Release|Win32.ActiveCfg = Release|Win32
		{A2E804D9-C95C-47EB-87AB-FAA8A6CAC21B}.Release|Win32.Build.0 = Release|Win32
		{0FCB117D-9915-40AE-A86D-99C3D6EB7B2C}.Debug|Win32.ActiveCfg = Debug|Win32
		{0FCB117D-9915-40AE-A86D-99C3D6EB7B2C}.Debug|Win32.Build.0 = Debug|Win32
		{0FCB117D-9915-40AE-A86D-99C3D6EB7B2C}.Release|Win32.ActiveCfg = Release|Win32
		{0FCB117D-9915-40AE-A86D-99C3D6EB7B2C}.Release|Win32.Build.0 = Release|Win32
		{BAA11C61-DA21-4E6F-8B5C-16A062720F1C}.Debug|Win32.ActiveCfg = Debug|Win32
		{BAA11C61-DA21-4E6F-8B5C-16A062720F1C}.Debug|Win32.Build.0 = Debug|Win32
		{BAA11C61-DA21-4E6F-8B5C-16A062720F1C}.Release|Win32.ActiveCfg = Release|Win32
		{BAA11C61-DA21-4E6F-8B5C-16A062720F1C}.Release|Win32.Build.0 = Release|Win32
		{9B57BE31-B084-4AB4-AFEF-E45A0FFD220D}.Debug|Win32.ActiveCfg = Debug|Win32
		{9B57BE31-B084-4AB4-AFEF-E45A0FFD220D}.Debug|Win32.Build.0 = Debug|Win32
		{9B57BE31-B084-4AB4-AFEF-E45A0FFD220D}.Release|Win32.ActiveCfg = Release|Win32
		{9B57BE31-B084-4AB4-AFEF-E45A0FFD220D}.Release|Win32.Build.0 = Release|Win32
		{84F0FA89-EB3D-47D6-9C6E-628434AE2C70}.Debug|Win32.ActiveCfg = Debug|Win32
		{84F0FA89-EB3D-47D6-9C6E-628434AE2C70}.Debug|Win32.Build.0 = Debug|Win32
		{84F0FA89-EB3D-47D6-9C6E-628434AE2C70}.Release|Win32.ActiveCfg = Release|Win32
		{84F0FA89-EB3D-47D6-9C6E-628434AE2C70}.Release|Win32.Build.0 = Release|Win32
		{EAEC3A1F-2888-4EAC-869D-BFA70FD56A65}.Debug|Win32.ActiveCfg = Debug|Win32
		{EAEC3A1F-2888-4EAC-869D-BFA70FD56A65}.Debug|Win32.Build.0 = Debug|Win32
		{EAEC3A1F-2888-4EAC-869D-BFA70FD56A65}.Release|Win32.ActiveCfg = Release|Win32
		{EAEC3A1F-2888-4EAC-869D-BFA70FD56A65}.Release|Win32.Build.0 = Release|Win32
		{1CE9D735-3119-4E08-B4A0-F4DAD35FC8D5}.Debug|Win32.ActiveCfg = Debug|Win32
		{1CE9D735-3119-4E08-B4A0-F4DAD35FC8D5}.Debug|Win32.Build.0 = Debug|Win32
		{1CE9D735-3119-4E08-B4A0-F4DAD35FC8D5}.Release|Win32.ActiveCfg = Release|Win32
		{1CE9D735-3119-4E08-B4A0-F4DAD35FC8D5}.Release|Win32.Build.0 = Release|Win32
		{CD73E4D1-5832-4DC1-8E65-06052BBD6F49}.Debug|Win32.ActiveCfg = Debug|Win32
		{CD73E4D1-5832-4DC1-8E65-06052BBD6F49}.Debug|Win32.Build.0 = Debug|Win32
		{CD73E4D1-5832-4DC1-8E65-06052BBD6F49}.Release|Win32.ActiveCfg = Release|Win32
		{CD73E4D1-5832-4DC1-8E65-06052BBD6F49}.Release|Win32.Build.0 = Release|Win32
		{90688422-B178-44F3-824A-C8CD6F3BD86F}.Debug|Win32.ActiveCfg = Debug|Win32
		{90688422-B178-44F3-824A-C8CD6F3BD86F}.Debug|Win32.Build.0 = Debug|Win32
		{90688422-B178-44F3-824A-C8CD6F3BD86F}.Release|Win32.ActiveCfg = Release|Win32
		{90688422-B178-44F3-824A-C8CD6F3BD86F}.Release|Win32.Build.0 = Release|Win32
		{547611C2-43E2-4678-B8E9-92CF69770C40}.Debug|Win32.ActiveCfg = Debug|Win32
		{547611C2-43E2-4678-B8E9-92CF69770C40}.Debug|Win32.Build.0 = Debug|Win32
		{547611C2-43E2-4678-B8E9-92CF69770C40}.Release|Win32.ActiveCfg = Release|Win32
		{547611C2-43E2-4678-B8E9-92CF69770C40}.Release|Win32.Build.0 = Release|Win32
		{4F5EEBEB-7594-4934-8DF5-FB4604E84CCB}.Debug|Win32.ActiveCfg = Debug|Win32
		{4F5EEBEB-7594-4934-8DF5-FB4604E84CCB}.Debug|Win32.Build.0 = Debug|Win32
		{4F5EEBEB-7594-4934-8DF5-FB4604E84CCB}.Release|Win32.ActiveCfg = Release|Win32
		{4F5EEBEB-7594-4934-8DF5-FB4604E84CCB}.Release|Win32.Build.0 = Release|Win32
	EndGlobalSection
	GlobalSection(SolutionProperties) = preSolution
		HideSolutionNode = FALSE
	EndGlobalSection
EndGlobal
