Microsoft Visual Studio Solution File, Format Version 9.00
# Visual C++ Express 2005
Project("{8BC9CEB8-8B4A-11D0-8D11-00A0C91BC942}") = "base", "base.vcproj", "{D29771DD-715F-452B-B71C-911BACF5956D}"
EndProject
Project("{8BC9CEB8-8B4A-11D0-8D11-00A0C91BC942}") = "graphics", "graphics.vcproj", "{ECC8FA24-93AC-4659-8EBD-26B6F418AC64}"
	ProjectSection(ProjectDependencies) = postProject
		{D29771DD-715F-452B-B71C-911BACF5956D} = {D29771DD-715F-452B-B71C-911BACF5956D}
	EndProjectSection
EndProject
Project("{8BC9CEB8-8B4A-11D0-8D11-00A0C91BC942}") = "graphicsOGRE", "plugins\graphics\graphicsOgre.vcproj", "{A2C2A0B2-2EB0-4254-891D-FE93466809CF}"
	ProjectSection(ProjectDependencies) = postProject
		{ECC8FA24-93AC-4659-8EBD-26B6F418AC64} = {ECC8FA24-93AC-4659-8EBD-26B6F418AC64}
		{D29771DD-715F-452B-B71C-911BACF5956D} = {D29771DD-715F-452B-B71C-911BACF5956D}
	EndProjectSection
EndProject
Project("{8BC9CEB8-8B4A-11D0-8D11-00A0C91BC942}") = "physics", "physics.vcproj", "{1C674F1C-7DDF-4AC5-A52A-14C31248A9D4}"
	ProjectSection(ProjectDependencies) = postProject
		{D29771DD-715F-452B-B71C-911BACF5956D} = {D29771DD-715F-452B-B71C-911BACF5956D}
	EndProjectSection
EndProject
Project("{8BC9CEB8-8B4A-11D0-8D11-00A0C91BC942}") = "physicsODE", "plugins\physics\physicsODE.vcproj", "{2F5124AA-56BD-4909-811A-E79901978C86}"
	ProjectSection(ProjectDependencies) = postProject
		{1C674F1C-7DDF-4AC5-A52A-14C31248A9D4} = {1C674F1C-7DDF-4AC5-A52A-14C31248A9D4}
		{77A59B89-C2B3-429C-8317-ADE0D046CC3B} = {77A59B89-C2B3-429C-8317-ADE0D046CC3B}
	EndProjectSection
EndProject
Project("{8BC9CEB8-8B4A-11D0-8D11-00A0C91BC942}") = "input", "input.vcproj", "{1AF3930A-4E72-4455-AFD0-6B78684105CD}"
	ProjectSection(ProjectDependencies) = postProject
		{D29771DD-715F-452B-B71C-911BACF5956D} = {D29771DD-715F-452B-B71C-911BACF5956D}
	EndProjectSection
EndProject
Project("{8BC9CEB8-8B4A-11D0-8D11-00A0C91BC942}") = "inputOGRE", "plugins\input\inputOgre.vcproj", "{A1A2FE19-7B7E-42F1-808B-8FA5B6AA697E}"
	ProjectSection(ProjectDependencies) = postProject
		{1AF3930A-4E72-4455-AFD0-6B78684105CD} = {1AF3930A-4E72-4455-AFD0-6B78684105CD}
		{D29771DD-715F-452B-B71C-911BACF5956D} = {D29771DD-715F-452B-B71C-911BACF5956D}
	EndProjectSection
EndProject
Project("{8BC9CEB8-8B4A-11D0-8D11-00A0C91BC942}") = "scripting", "scripting.vcproj", "{8A16CDB5-B272-49AD-AF22-B8FD0E5E1A03}"
	ProjectSection(ProjectDependencies) = postProject
		{D29771DD-715F-452B-B71C-911BACF5956D} = {D29771DD-715F-452B-B71C-911BACF5956D}
	EndProjectSection
EndProject
Project("{8BC9CEB8-8B4A-11D0-8D11-00A0C91BC942}") = "scriptingLua", "plugins\scripting\scriptingLua.vcproj", "{41CEA11B-9678-43E5-B2F4-754944D7B461}"
	ProjectSection(ProjectDependencies) = postProject
		{8A16CDB5-B272-49AD-AF22-B8FD0E5E1A03} = {8A16CDB5-B272-49AD-AF22-B8FD0E5E1A03}
		{D29771DD-715F-452B-B71C-911BACF5956D} = {D29771DD-715F-452B-B71C-911BACF5956D}
	EndProjectSection
EndProject
Project("{8BC9CEB8-8B4A-11D0-8D11-00A0C91BC942}") = "data", "data.vcproj", "{77A59B89-C2B3-429C-8317-ADE0D046CC3B}"
	ProjectSection(ProjectDependencies) = postProject
		{D29771DD-715F-452B-B71C-911BACF5956D} = {D29771DD-715F-452B-B71C-911BACF5956D}
	EndProjectSection
EndProject
Project("{8BC9CEB8-8B4A-11D0-8D11-00A0C91BC942}") = "scriptingBindingsLua", "plugins\scripting\scriptingLuaBindings.vcproj", "{CA63F621-0912-4551-B51A-7BD18F491181}"
	ProjectSection(ProjectDependencies) = postProject
		{41CEA11B-9678-43E5-B2F4-754944D7B461} = {41CEA11B-9678-43E5-B2F4-754944D7B461}
		{8A16CDB5-B272-49AD-AF22-B8FD0E5E1A03} = {8A16CDB5-B272-49AD-AF22-B8FD0E5E1A03}
	EndProjectSection
EndProject
Project("{8BC9CEB8-8B4A-11D0-8D11-00A0C91BC942}") = "audio", "audio.vcproj", "{42BB6F78-B04C-4968-AA5E-271DC45BEFBB}"
	ProjectSection(ProjectDependencies) = postProject
		{D29771DD-715F-452B-B71C-911BACF5956D} = {D29771DD-715F-452B-B71C-911BACF5956D}
	EndProjectSection
EndProject
Project("{8BC9CEB8-8B4A-11D0-8D11-00A0C91BC942}") = "audioOpenAL", "plugins\audio\audioOpenAL.vcproj", "{66DC2F33-EF4C-46A0-9955-6A60F75D8279}"
	ProjectSection(ProjectDependencies) = postProject
		{42BB6F78-B04C-4968-AA5E-271DC45BEFBB} = {42BB6F78-B04C-4968-AA5E-271DC45BEFBB}
	EndProjectSection
EndProject
Project("{8BC9CEB8-8B4A-11D0-8D11-00A0C91BC942}") = "physicsNX", "plugins\physics\physicsNX.vcproj", "{5749946B-081D-4A80-8119-2BE84F571E81}"
	ProjectSection(ProjectDependencies) = postProject
		{1C674F1C-7DDF-4AC5-A52A-14C31248A9D4} = {1C674F1C-7DDF-4AC5-A52A-14C31248A9D4}
	EndProjectSection
EndProject
Project("{8BC9CEB8-8B4A-11D0-8D11-00A0C91BC942}") = "graphicsBindingsLua", "plugins\scripting\graphicsLuaBindings.vcproj", "{2D5E8A7F-96DA-4CC5-BFC8-430916ACF18A}"
	ProjectSection(ProjectDependencies) = postProject
		{41CEA11B-9678-43E5-B2F4-754944D7B461} = {41CEA11B-9678-43E5-B2F4-754944D7B461}
		{ECC8FA24-93AC-4659-8EBD-26B6F418AC64} = {ECC8FA24-93AC-4659-8EBD-26B6F418AC64}
		{8A16CDB5-B272-49AD-AF22-B8FD0E5E1A03} = {8A16CDB5-B272-49AD-AF22-B8FD0E5E1A03}
		{D29771DD-715F-452B-B71C-911BACF5956D} = {D29771DD-715F-452B-B71C-911BACF5956D}
	EndProjectSection
EndProject
Project("{8BC9CEB8-8B4A-11D0-8D11-00A0C91BC942}") = "baseBindingsLua", "plugins\scripting\baseLuaBindings.vcproj", "{3867E9A4-41F3-4969-B0A8-40757BCB6C29}"
	ProjectSection(ProjectDependencies) = postProject
		{41CEA11B-9678-43E5-B2F4-754944D7B461} = {41CEA11B-9678-43E5-B2F4-754944D7B461}
		{8A16CDB5-B272-49AD-AF22-B8FD0E5E1A03} = {8A16CDB5-B272-49AD-AF22-B8FD0E5E1A03}
		{D29771DD-715F-452B-B71C-911BACF5956D} = {D29771DD-715F-452B-B71C-911BACF5956D}
	EndProjectSection
EndProject
Project("{8BC9CEB8-8B4A-11D0-8D11-00A0C91BC942}") = "yapp", "yapp.vcproj", "{F1116FDF-65C1-4788-AC1F-F339279B937A}"
	ProjectSection(ProjectDependencies) = postProject
		{1C674F1C-7DDF-4AC5-A52A-14C31248A9D4} = {1C674F1C-7DDF-4AC5-A52A-14C31248A9D4}
		{ECC8FA24-93AC-4659-8EBD-26B6F418AC64} = {ECC8FA24-93AC-4659-8EBD-26B6F418AC64}
		{42BB6F78-B04C-4968-AA5E-271DC45BEFBB} = {42BB6F78-B04C-4968-AA5E-271DC45BEFBB}
		{77A59B89-C2B3-429C-8317-ADE0D046CC3B} = {77A59B89-C2B3-429C-8317-ADE0D046CC3B}
		{8A16CDB5-B272-49AD-AF22-B8FD0E5E1A03} = {8A16CDB5-B272-49AD-AF22-B8FD0E5E1A03}
	EndProjectSection
EndProject
Project("{8BC9CEB8-8B4A-11D0-8D11-00A0C91BC942}") = "raf", "raf.vcproj", "{6D6DD5E8-3B81-4C98-B460-B434DEE23EE2}"
EndProject
Project("{8BC9CEB8-8B4A-11D0-8D11-00A0C91BC942}") = "msg", "msg.vcproj", "{7EB6A55E-D262-4C82-862C-33E831DDF04C}"
EndProject
Project("{8BC9CEB8-8B4A-11D0-8D11-00A0C91BC942}") = "ceguiOgreRendererAdapter", "plugins\gui\ceguiOgreRendererAdapter.vcproj", "{526DC299-3C9B-46ED-8C16-0490AE5CAE88}"
EndProject
Project("{8BC9CEB8-8B4A-11D0-8D11-00A0C91BC942}") = "modelLua", "plugins\model\modelLua.vcproj", "{8150E623-2456-4152-AC96-D302B1CFF6E9}"
EndProject
Project("{8BC9CEB8-8B4A-11D0-8D11-00A0C91BC942}") = "vehicle", "vehicle.vcproj", "{EAEC3A1F-2888-4EAC-869D-BFA70FD56A65}"
	ProjectSection(ProjectDependencies) = postProject
		{F1116FDF-65C1-4788-AC1F-F339279B937A} = {F1116FDF-65C1-4788-AC1F-F339279B937A}
	EndProjectSection
EndProject
Project("{8BC9CEB8-8B4A-11D0-8D11-00A0C91BC942}") = "object", "object.vcproj", "{CD73E4D1-5832-4DC1-8E65-06052BBD6F49}"
EndProject
Project("{8BC9CEB8-8B4A-11D0-8D11-00A0C91BC942}") = "net", "net.vcproj", "{90688422-B178-44F3-824A-C8CD6F3BD86F}"
EndProject
Project("{8BC9CEB8-8B4A-11D0-8D11-00A0C91BC942}") = "msg2", "msg2.vcproj", "{9E9DDB4A-CF98-4ED5-AB85-D3F5E71AE912}"
EndProject
Project("{8BC9CEB8-8B4A-11D0-8D11-00A0C91BC942}") = "entLua", "plugins\ent\entLua.vcproj", "{89182311-DB82-446B-AA9B-C70A3A0AF035}"
	ProjectSection(ProjectDependencies) = postProject
		{08BC40D8-33D8-4677-993A-32599A93A460} = {08BC40D8-33D8-4677-993A-32599A93A460}
	EndProjectSection
EndProject
Project("{8BC9CEB8-8B4A-11D0-8D11-00A0C91BC942}") = "ent", "ent.vcproj", "{08BC40D8-33D8-4677-993A-32599A93A460}"
EndProject
Project("{8BC9CEB8-8B4A-11D0-8D11-00A0C91BC942}") = "terrainPhysMgr", "plugins\physics\terrainPhysMgr.vcproj", "{6FC81A1C-0463-45EB-94F9-F7D084E3C169}"
	ProjectSection(ProjectDependencies) = postProject
		{1C674F1C-7DDF-4AC5-A52A-14C31248A9D4} = {1C674F1C-7DDF-4AC5-A52A-14C31248A9D4}
		{2F5124AA-56BD-4909-811A-E79901978C86} = {2F5124AA-56BD-4909-811A-E79901978C86}
	EndProjectSection
EndProject
Project("{8BC9CEB8-8B4A-11D0-8D11-00A0C91BC942}") = "model", "model.vcproj", "{6BB1D3EF-8836-4D23-BE24-340D310D9913}"
EndProject
Project("{8BC9CEB8-8B4A-11D0-8D11-00A0C91BC942}") = "loader", "loader.vcproj", "{2E5A589E-41FE-4BE9-80A0-1F8570944486}"
EndProject
Project("{8BC9CEB8-8B4A-11D0-8D11-00A0C91BC942}") = "samplePhysicsDemo", "samples\physics\samplePhysicsDemo.vcproj", "{3DA99679-404B-44C7-9267-C97D066F3D96}"
EndProject
Project("{8BC9CEB8-8B4A-11D0-8D11-00A0C91BC942}") = "sampleCar", "samples\misc\sampleCar.vcproj", "{EE77E955-42BD-47A4-BDC6-D92759F45D01}"
EndProject
Project("{8BC9CEB8-8B4A-11D0-8D11-00A0C91BC942}") = "sampleRoServer", "samples\net\sampleRoServer.vcproj", "{547611C2-43E2-4678-B8E9-92CF69770C40}"
EndProject
Project("{8BC9CEB8-8B4A-11D0-8D11-00A0C91BC942}") = "sampleRoClient", "samples\net\sampleRoClient.vcproj", "{4F5EEBEB-7594-4934-8DF5-FB4604E84CCB}"
EndProject
Project("{8BC9CEB8-8B4A-11D0-8D11-00A0C91BC942}") = "sampleNetPacket", "samples\net\sampleNetPacket.vcproj", "{5473599B-AB7B-4259-B052-4DDC68CBEA54}"
EndProject
Project("{8BC9CEB8-8B4A-11D0-8D11-00A0C91BC942}") = "sampleModel1", "samples\model\sampleModel1.vcproj", "{920E5CA3-620C-43C3-986C-5A6F9397F6DA}"
EndProject
Global
	GlobalSection(SolutionConfigurationPlatforms) = preSolution
		Debug|Win32 = Debug|Win32
		Release|Win32 = Release|Win32
	EndGlobalSection
	GlobalSection(ProjectConfigurationPlatforms) = postSolution
		{D29771DD-715F-452B-B71C-911BACF5956D}.Debug|Win32.ActiveCfg = Debug|Win32
		{D29771DD-715F-452B-B71C-911BACF5956D}.Debug|Win32.Build.0 = Debug|Win32
		{D29771DD-715F-452B-B71C-911BACF5956D}.Release|Win32.ActiveCfg = Release|Win32
		{D29771DD-715F-452B-B71C-911BACF5956D}.Release|Win32.Build.0 = Release|Win32
		{ECC8FA24-93AC-4659-8EBD-26B6F418AC64}.Debug|Win32.ActiveCfg = Debug|Win32
		{ECC8FA24-93AC-4659-8EBD-26B6F418AC64}.Debug|Win32.Build.0 = Debug|Win32
		{ECC8FA24-93AC-4659-8EBD-26B6F418AC64}.Release|Win32.ActiveCfg = Release|Win32
		{ECC8FA24-93AC-4659-8EBD-26B6F418AC64}.Release|Win32.Build.0 = Release|Win32
		{A2C2A0B2-2EB0-4254-891D-FE93466809CF}.Debug|Win32.ActiveCfg = Debug|Win32
		{A2C2A0B2-2EB0-4254-891D-FE93466809CF}.Debug|Win32.Build.0 = Debug|Win32
		{A2C2A0B2-2EB0-4254-891D-FE93466809CF}.Release|Win32.ActiveCfg = Release|Win32
		{A2C2A0B2-2EB0-4254-891D-FE93466809CF}.Release|Win32.Build.0 = Release|Win32
		{1C674F1C-7DDF-4AC5-A52A-14C31248A9D4}.Debug|Win32.ActiveCfg = Debug|Win32
		{1C674F1C-7DDF-4AC5-A52A-14C31248A9D4}.Debug|Win32.Build.0 = Debug|Win32
		{1C674F1C-7DDF-4AC5-A52A-14C31248A9D4}.Release|Win32.ActiveCfg = Release|Win32
		{1C674F1C-7DDF-4AC5-A52A-14C31248A9D4}.Release|Win32.Build.0 = Release|Win32
		{2F5124AA-56BD-4909-811A-E79901978C86}.Debug|Win32.ActiveCfg = Debug|Win32
		{2F5124AA-56BD-4909-811A-E79901978C86}.Debug|Win32.Build.0 = Debug|Win32
		{2F5124AA-56BD-4909-811A-E79901978C86}.Release|Win32.ActiveCfg = Release|Win32
		{2F5124AA-56BD-4909-811A-E79901978C86}.Release|Win32.Build.0 = Release|Win32
		{1AF3930A-4E72-4455-AFD0-6B78684105CD}.Debug|Win32.ActiveCfg = Debug|Win32
		{1AF3930A-4E72-4455-AFD0-6B78684105CD}.Debug|Win32.Build.0 = Debug|Win32
		{1AF3930A-4E72-4455-AFD0-6B78684105CD}.Release|Win32.ActiveCfg = Release|Win32
		{1AF3930A-4E72-4455-AFD0-6B78684105CD}.Release|Win32.Build.0 = Release|Win32
		{A1A2FE19-7B7E-42F1-808B-8FA5B6AA697E}.Debug|Win32.ActiveCfg = Debug|Win32
		{A1A2FE19-7B7E-42F1-808B-8FA5B6AA697E}.Debug|Win32.Build.0 = Debug|Win32
		{A1A2FE19-7B7E-42F1-808B-8FA5B6AA697E}.Release|Win32.ActiveCfg = Release|Win32
		{A1A2FE19-7B7E-42F1-808B-8FA5B6AA697E}.Release|Win32.Build.0 = Release|Win32
		{8A16CDB5-B272-49AD-AF22-B8FD0E5E1A03}.Debug|Win32.ActiveCfg = Debug|Win32
		{8A16CDB5-B272-49AD-AF22-B8FD0E5E1A03}.Debug|Win32.Build.0 = Debug|Win32
		{8A16CDB5-B272-49AD-AF22-B8FD0E5E1A03}.Release|Win32.ActiveCfg = Release|Win32
		{8A16CDB5-B272-49AD-AF22-B8FD0E5E1A03}.Release|Win32.Build.0 = Release|Win32
		{41CEA11B-9678-43E5-B2F4-754944D7B461}.Debug|Win32.ActiveCfg = Debug|Win32
		{41CEA11B-9678-43E5-B2F4-754944D7B461}.Debug|Win32.Build.0 = Debug|Win32
		{41CEA11B-9678-43E5-B2F4-754944D7B461}.Release|Win32.ActiveCfg = Release|Win32
		{41CEA11B-9678-43E5-B2F4-754944D7B461}.Release|Win32.Build.0 = Release|Win32
		{77A59B89-C2B3-429C-8317-ADE0D046CC3B}.Debug|Win32.ActiveCfg = Debug|Win32
		{77A59B89-C2B3-429C-8317-ADE0D046CC3B}.Debug|Win32.Build.0 = Debug|Win32
		{77A59B89-C2B3-429C-8317-ADE0D046CC3B}.Release|Win32.ActiveCfg = Release|Win32
		{77A59B89-C2B3-429C-8317-ADE0D046CC3B}.Release|Win32.Build.0 = Release|Win32
		{CA63F621-0912-4551-B51A-7BD18F491181}.Debug|Win32.ActiveCfg = Debug|Win32
		{CA63F621-0912-4551-B51A-7BD18F491181}.Debug|Win32.Build.0 = Debug|Win32
		{CA63F621-0912-4551-B51A-7BD18F491181}.Release|Win32.ActiveCfg = Release|Win32
		{CA63F621-0912-4551-B51A-7BD18F491181}.Release|Win32.Build.0 = Release|Win32
		{42BB6F78-B04C-4968-AA5E-271DC45BEFBB}.Debug|Win32.ActiveCfg = Debug|Win32
		{42BB6F78-B04C-4968-AA5E-271DC45BEFBB}.Debug|Win32.Build.0 = Debug|Win32
		{42BB6F78-B04C-4968-AA5E-271DC45BEFBB}.Release|Win32.ActiveCfg = Release|Win32
		{42BB6F78-B04C-4968-AA5E-271DC45BEFBB}.Release|Win32.Build.0 = Release|Win32
		{66DC2F33-EF4C-46A0-9955-6A60F75D8279}.Debug|Win32.ActiveCfg = Debug|Win32
		{66DC2F33-EF4C-46A0-9955-6A60F75D8279}.Debug|Win32.Build.0 = Debug|Win32
		{66DC2F33-EF4C-46A0-9955-6A60F75D8279}.Release|Win32.ActiveCfg = Release|Win32
		{66DC2F33-EF4C-46A0-9955-6A60F75D8279}.Release|Win32.Build.0 = Release|Win32
		{5749946B-081D-4A80-8119-2BE84F571E81}.Debug|Win32.ActiveCfg = Debug|Win32
		{5749946B-081D-4A80-8119-2BE84F571E81}.Debug|Win32.Build.0 = Debug|Win32
		{5749946B-081D-4A80-8119-2BE84F571E81}.Release|Win32.ActiveCfg = Release|Win32
		{5749946B-081D-4A80-8119-2BE84F571E81}.Release|Win32.Build.0 = Release|Win32
		{2D5E8A7F-96DA-4CC5-BFC8-430916ACF18A}.Debug|Win32.ActiveCfg = Debug|Win32
		{2D5E8A7F-96DA-4CC5-BFC8-430916ACF18A}.Release|Win32.ActiveCfg = Release|Win32
		{3867E9A4-41F3-4969-B0A8-40757BCB6C29}.Debug|Win32.ActiveCfg = Debug|Win32
		{3867E9A4-41F3-4969-B0A8-40757BCB6C29}.Debug|Win32.Build.0 = Debug|Win32
		{3867E9A4-41F3-4969-B0A8-40757BCB6C29}.Release|Win32.ActiveCfg = Release|Win32
		{3867E9A4-41F3-4969-B0A8-40757BCB6C29}.Release|Win32.Build.0 = Release|Win32
		{F1116FDF-65C1-4788-AC1F-F339279B937A}.Debug|Win32.ActiveCfg = Debug|Win32
		{F1116FDF-65C1-4788-AC1F-F339279B937A}.Debug|Win32.Build.0 = Debug|Win32
		{F1116FDF-65C1-4788-AC1F-F339279B937A}.Release|Win32.ActiveCfg = Release|Win32
		{F1116FDF-65C1-4788-AC1F-F339279B937A}.Release|Win32.Build.0 = Release|Win32
		{6D6DD5E8-3B81-4C98-B460-B434DEE23EE2}.Debug|Win32.ActiveCfg = Debug|Win32
		{6D6DD5E8-3B81-4C98-B460-B434DEE23EE2}.Debug|Win32.Build.0 = Debug|Win32
		{6D6DD5E8-3B81-4C98-B460-B434DEE23EE2}.Release|Win32.ActiveCfg = Release|Win32
		{6D6DD5E8-3B81-4C98-B460-B434DEE23EE2}.Release|Win32.Build.0 = Release|Win32
		{7EB6A55E-D262-4C82-862C-33E831DDF04C}.Debug|Win32.ActiveCfg = Debug|Win32
		{7EB6A55E-D262-4C82-862C-33E831DDF04C}.Debug|Win32.Build.0 = Debug|Win32
		{7EB6A55E-D262-4C82-862C-33E831DDF04C}.Release|Win32.ActiveCfg = Release|Win32
		{7EB6A55E-D262-4C82-862C-33E831DDF04C}.Release|Win32.Build.0 = Release|Win32
		{526DC299-3C9B-46ED-8C16-0490AE5CAE88}.Debug|Win32.ActiveCfg = Debug|Win32
		{526DC299-3C9B-46ED-8C16-0490AE5CAE88}.Debug|Win32.Build.0 = Debug|Win32
		{526DC299-3C9B-46ED-8C16-0490AE5CAE88}.Release|Win32.ActiveCfg = Release|Win32
		{526DC299-3C9B-46ED-8C16-0490AE5CAE88}.Release|Win32.Build.0 = Release|Win32
		{8150E623-2456-4152-AC96-D302B1CFF6E9}.Debug|Win32.ActiveCfg = Debug|Win32
		{8150E623-2456-4152-AC96-D302B1CFF6E9}.Debug|Win32.Build.0 = Debug|Win32
		{8150E623-2456-4152-AC96-D302B1CFF6E9}.Release|Win32.ActiveCfg = Release|Win32
		{8150E623-2456-4152-AC96-D302B1CFF6E9}.Release|Win32.Build.0 = Release|Win32
		{EAEC3A1F-2888-4EAC-869D-BFA70FD56A65}.Debug|Win32.ActiveCfg = Debug|Win32
		{EAEC3A1F-2888-4EAC-869D-BFA70FD56A65}.Debug|Win32.Build.0 = Debug|Win32
		{EAEC3A1F-2888-4EAC-869D-BFA70FD56A65}.Release|Win32.ActiveCfg = Release|Win32
		{EAEC3A1F-2888-4EAC-869D-BFA70FD56A65}.Release|Win32.Build.0 = Release|Win32
		{CD73E4D1-5832-4DC1-8E65-06052BBD6F49}.Debug|Win32.ActiveCfg = Debug|Win32
		{CD73E4D1-5832-4DC1-8E65-06052BBD6F49}.Debug|Win32.Build.0 = Debug|Win32
		{CD73E4D1-5832-4DC1-8E65-06052BBD6F49}.Release|Win32.ActiveCfg = Release|Win32
		{CD73E4D1-5832-4DC1-8E65-06052BBD6F49}.Release|Win32.Build.0 = Release|Win32
		{90688422-B178-44F3-824A-C8CD6F3BD86F}.Debug|Win32.ActiveCfg = Debug|Win32
		{90688422-B178-44F3-824A-C8CD6F3BD86F}.Debug|Win32.Build.0 = Debug|Win32
		{90688422-B178-44F3-824A-C8CD6F3BD86F}.Release|Win32.ActiveCfg = Release|Win32
		{90688422-B178-44F3-824A-C8CD6F3BD86F}.Release|Win32.Build.0 = Release|Win32
		{9E9DDB4A-CF98-4ED5-AB85-D3F5E71AE912}.Debug|Win32.ActiveCfg = Debug|Win32
		{9E9DDB4A-CF98-4ED5-AB85-D3F5E71AE912}.Debug|Win32.Build.0 = Debug|Win32
		{9E9DDB4A-CF98-4ED5-AB85-D3F5E71AE912}.Release|Win32.ActiveCfg = Release|Win32
		{9E9DDB4A-CF98-4ED5-AB85-D3F5E71AE912}.Release|Win32.Build.0 = Release|Win32
		{89182311-DB82-446B-AA9B-C70A3A0AF035}.Debug|Win32.ActiveCfg = Debug|Win32
		{89182311-DB82-446B-AA9B-C70A3A0AF035}.Debug|Win32.Build.0 = Debug|Win32
		{89182311-DB82-446B-AA9B-C70A3A0AF035}.Release|Win32.ActiveCfg = Release|Win32
		{89182311-DB82-446B-AA9B-C70A3A0AF035}.Release|Win32.Build.0 = Release|Win32
		{08BC40D8-33D8-4677-993A-32599A93A460}.Debug|Win32.ActiveCfg = Debug|Win32
		{08BC40D8-33D8-4677-993A-32599A93A460}.Debug|Win32.Build.0 = Debug|Win32
		{08BC40D8-33D8-4677-993A-32599A93A460}.Release|Win32.ActiveCfg = Release|Win32
		{08BC40D8-33D8-4677-993A-32599A93A460}.Release|Win32.Build.0 = Release|Win32
		{6FC81A1C-0463-45EB-94F9-F7D084E3C169}.Debug|Win32.ActiveCfg = Debug|Win32
		{6FC81A1C-0463-45EB-94F9-F7D084E3C169}.Debug|Win32.Build.0 = Debug|Win32
		{6FC81A1C-0463-45EB-94F9-F7D084E3C169}.Release|Win32.ActiveCfg = Release|Win32
		{6FC81A1C-0463-45EB-94F9-F7D084E3C169}.Release|Win32.Build.0 = Release|Win32
		{6BB1D3EF-8836-4D23-BE24-340D310D9913}.Debug|Win32.ActiveCfg = Debug|Win32
		{6BB1D3EF-8836-4D23-BE24-340D310D9913}.Debug|Win32.Build.0 = Debug|Win32
		{6BB1D3EF-8836-4D23-BE24-340D310D9913}.Release|Win32.ActiveCfg = Release|Win32
		{6BB1D3EF-8836-4D23-BE24-340D310D9913}.Release|Win32.Build.0 = Release|Win32
		{2E5A589E-41FE-4BE9-80A0-1F8570944486}.Debug|Win32.ActiveCfg = Debug|Win32
		{2E5A589E-41FE-4BE9-80A0-1F8570944486}.Debug|Win32.Build.0 = Debug|Win32
		{2E5A589E-41FE-4BE9-80A0-1F8570944486}.Release|Win32.ActiveCfg = Release|Win32
		{2E5A589E-41FE-4BE9-80A0-1F8570944486}.Release|Win32.Build.0 = Release|Win32
		{3DA99679-404B-44C7-9267-C97D066F3D96}.Debug|Win32.ActiveCfg = Debug|Win32
		{3DA99679-404B-44C7-9267-C97D066F3D96}.Debug|Win32.Build.0 = Debug|Win32
		{3DA99679-404B-44C7-9267-C97D066F3D96}.Release|Win32.ActiveCfg = Release|Win32
		{3DA99679-404B-44C7-9267-C97D066F3D96}.Release|Win32.Build.0 = Release|Win32
		{EE77E955-42BD-47A4-BDC6-D92759F45D01}.Debug|Win32.ActiveCfg = Debug|Win32
		{EE77E955-42BD-47A4-BDC6-D92759F45D01}.Debug|Win32.Build.0 = Debug|Win32
		{EE77E955-42BD-47A4-BDC6-D92759F45D01}.Release|Win32.ActiveCfg = Release|Win32
		{EE77E955-42BD-47A4-BDC6-D92759F45D01}.Release|Win32.Build.0 = Release|Win32
		{547611C2-43E2-4678-B8E9-92CF69770C40}.Debug|Win32.ActiveCfg = Debug|Win32
		{547611C2-43E2-4678-B8E9-92CF69770C40}.Debug|Win32.Build.0 = Debug|Win32
		{547611C2-43E2-4678-B8E9-92CF69770C40}.Release|Win32.ActiveCfg = Release|Win32
		{547611C2-43E2-4678-B8E9-92CF69770C40}.Release|Win32.Build.0 = Release|Win32
		{4F5EEBEB-7594-4934-8DF5-FB4604E84CCB}.Debug|Win32.ActiveCfg = Debug|Win32
		{4F5EEBEB-7594-4934-8DF5-FB4604E84CCB}.Debug|Win32.Build.0 = Debug|Win32
		{4F5EEBEB-7594-4934-8DF5-FB4604E84CCB}.Release|Win32.ActiveCfg = Release|Win32
		{4F5EEBEB-7594-4934-8DF5-FB4604E84CCB}.Release|Win32.Build.0 = Release|Win32
		{5473599B-AB7B-4259-B052-4DDC68CBEA54}.Debug|Win32.ActiveCfg = Debug|Win32
		{5473599B-AB7B-4259-B052-4DDC68CBEA54}.Debug|Win32.Build.0 = Debug|Win32
		{5473599B-AB7B-4259-B052-4DDC68CBEA54}.Release|Win32.ActiveCfg = Release|Win32
		{5473599B-AB7B-4259-B052-4DDC68CBEA54}.Release|Win32.Build.0 = Release|Win32
		{920E5CA3-620C-43C3-986C-5A6F9397F6DA}.Debug|Win32.ActiveCfg = Debug|Win32
		{920E5CA3-620C-43C3-986C-5A6F9397F6DA}.Debug|Win32.Build.0 = Debug|Win32
		{920E5CA3-620C-43C3-986C-5A6F9397F6DA}.Release|Win32.ActiveCfg = Release|Win32
		{920E5CA3-620C-43C3-986C-5A6F9397F6DA}.Release|Win32.Build.0 = Release|Win32
	EndGlobalSection
	GlobalSection(SolutionProperties) = preSolution
		HideSolutionNode = FALSE
	EndGlobalSection
EndGlobal
