Microsoft Visual Studio Solution File, Format Version 8.00
Project("{8BC9CEB8-8B4A-11D0-8D11-00A0C91BC942}") = "test", "Test\Test.vcproj", "{4AC479E5-B595-4CA6-AD1D-7FB883035B2C}"
	ProjectSection(ProjectDependencies) = postProject
		{C4568B3B-AB20-4DD7-9D82-C578400648AF} = {C4568B3B-AB20-4DD7-9D82-C578400648AF}
		{D6F32C4D-B1DE-46BB-9E78-731AB454A46D} = {D6F32C4D-B1DE-46BB-9E78-731AB454A46D}
		{EAAE44A3-102D-4B73-B5AE-EA2004E77530} = {EAAE44A3-102D-4B73-B5AE-EA2004E77530}
		{D29771DD-715F-452B-B71C-911BACF5956D} = {D29771DD-715F-452B-B71C-911BACF5956D}
		{E5F5E5F8-882C-4DB1-9A33-503ACF73CAE8} = {E5F5E5F8-882C-4DB1-9A33-503ACF73CAE8}
	EndProjectSection
EndProject
Project("{8BC9CEB8-8B4A-11D0-8D11-00A0C91BC942}") = "nativefs", "nativefs\nativefs.vcproj", "{EAAE44A3-102D-4B73-B5AE-EA2004E77530}"
	ProjectSection(ProjectDependencies) = postProject
		{C4568B3B-AB20-4DD7-9D82-C578400648AF} = {C4568B3B-AB20-4DD7-9D82-C578400648AF}
	EndProjectSection
EndProject
Project("{8BC9CEB8-8B4A-11D0-8D11-00A0C91BC942}") = "common", "common\common.vcproj", "{C4568B3B-AB20-4DD7-9D82-C578400648AF}"
	ProjectSection(ProjectDependencies) = postProject
	EndProjectSection
EndProject
Project("{8BC9CEB8-8B4A-11D0-8D11-00A0C91BC942}") = "virtualfs", "virtualfs\virtualfs.vcproj", "{D6F32C4D-B1DE-46BB-9E78-731AB454A46D}"
	ProjectSection(ProjectDependencies) = postProject
		{C4568B3B-AB20-4DD7-9D82-C578400648AF} = {C4568B3B-AB20-4DD7-9D82-C578400648AF}
		{EAAE44A3-102D-4B73-B5AE-EA2004E77530} = {EAAE44A3-102D-4B73-B5AE-EA2004E77530}
		{D29771DD-715F-452B-B71C-911BACF5956D} = {D29771DD-715F-452B-B71C-911BACF5956D}
	EndProjectSection
EndProject
Project("{8BC9CEB8-8B4A-11D0-8D11-00A0C91BC942}") = "base", "..\..\scripts\yake\base.vcproj", "{D29771DD-715F-452B-B71C-911BACF5956D}"
	ProjectSection(ProjectDependencies) = postProject
	EndProjectSection
EndProject
Project("{8BC9CEB8-8B4A-11D0-8D11-00A0C91BC942}") = "vfs_test", "VFS_Test\VFS_Test.vcproj", "{5045C412-9A02-460F-A27C-3EBA5C57798C}"
	ProjectSection(ProjectDependencies) = postProject
		{C4568B3B-AB20-4DD7-9D82-C578400648AF} = {C4568B3B-AB20-4DD7-9D82-C578400648AF}
		{D6F32C4D-B1DE-46BB-9E78-731AB454A46D} = {D6F32C4D-B1DE-46BB-9E78-731AB454A46D}
		{EAAE44A3-102D-4B73-B5AE-EA2004E77530} = {EAAE44A3-102D-4B73-B5AE-EA2004E77530}
		{D29771DD-715F-452B-B71C-911BACF5956D} = {D29771DD-715F-452B-B71C-911BACF5956D}
	EndProjectSection
EndProject
Project("{8BC9CEB8-8B4A-11D0-8D11-00A0C91BC942}") = "virtual_file_system", "virtual_file_system\virtual_file_system.vcproj", "{35DD29FD-EA66-4FBE-A6FE-971C62784572}"
	ProjectSection(ProjectDependencies) = postProject
		{C4568B3B-AB20-4DD7-9D82-C578400648AF} = {C4568B3B-AB20-4DD7-9D82-C578400648AF}
		{D6F32C4D-B1DE-46BB-9E78-731AB454A46D} = {D6F32C4D-B1DE-46BB-9E78-731AB454A46D}
		{EAAE44A3-102D-4B73-B5AE-EA2004E77530} = {EAAE44A3-102D-4B73-B5AE-EA2004E77530}
		{D29771DD-715F-452B-B71C-911BACF5956D} = {D29771DD-715F-452B-B71C-911BACF5956D}
	EndProjectSection
EndProject
Project("{8BC9CEB8-8B4A-11D0-8D11-00A0C91BC942}") = "ftp_wrapper_test", "ftp_wrapper_test\ftp_wrapper_test.vcproj", "{B19A0B70-61A9-4483-8806-EC4CEA70D837}"
	ProjectSection(ProjectDependencies) = postProject
		{EB58EBD8-76F0-4C9D-AC47-4B9C3664DE9A} = {EB58EBD8-76F0-4C9D-AC47-4B9C3664DE9A}
	EndProjectSection
EndProject
Project("{8BC9CEB8-8B4A-11D0-8D11-00A0C91BC942}") = "ftp_wrapper", "ftp_wrapper\ftp_wrapper.vcproj", "{EB58EBD8-76F0-4C9D-AC47-4B9C3664DE9A}"
	ProjectSection(ProjectDependencies) = postProject
	EndProjectSection
EndProject
Project("{8BC9CEB8-8B4A-11D0-8D11-00A0C91BC942}") = "native_file_system", "native_file_system\native_file_system.vcproj", "{9A05BBE5-7139-44FC-AA91-EC472B7A12B4}"
	ProjectSection(ProjectDependencies) = postProject
		{C4568B3B-AB20-4DD7-9D82-C578400648AF} = {C4568B3B-AB20-4DD7-9D82-C578400648AF}
		{D6F32C4D-B1DE-46BB-9E78-731AB454A46D} = {D6F32C4D-B1DE-46BB-9E78-731AB454A46D}
		{EAAE44A3-102D-4B73-B5AE-EA2004E77530} = {EAAE44A3-102D-4B73-B5AE-EA2004E77530}
		{D29771DD-715F-452B-B71C-911BACF5956D} = {D29771DD-715F-452B-B71C-911BACF5956D}
	EndProjectSection
EndProject
Project("{8BC9CEB8-8B4A-11D0-8D11-00A0C91BC942}") = "ftp_file_system", "ftp_file_system\ftp_file_system.vcproj", "{E5F5E5F8-882C-4DB1-9A33-503ACF73CAE8}"
	ProjectSection(ProjectDependencies) = postProject
		{C4568B3B-AB20-4DD7-9D82-C578400648AF} = {C4568B3B-AB20-4DD7-9D82-C578400648AF}
		{D6F32C4D-B1DE-46BB-9E78-731AB454A46D} = {D6F32C4D-B1DE-46BB-9E78-731AB454A46D}
		{EAAE44A3-102D-4B73-B5AE-EA2004E77530} = {EAAE44A3-102D-4B73-B5AE-EA2004E77530}
		{EB58EBD8-76F0-4C9D-AC47-4B9C3664DE9A} = {EB58EBD8-76F0-4C9D-AC47-4B9C3664DE9A}
		{D29771DD-715F-452B-B71C-911BACF5956D} = {D29771DD-715F-452B-B71C-911BACF5956D}
	EndProjectSection
EndProject
Global
	GlobalSection(SolutionConfiguration) = preSolution
		Debug = Debug
		Release = Release
	EndGlobalSection
	GlobalSection(ProjectConfiguration) = postSolution
		{4AC479E5-B595-4CA6-AD1D-7FB883035B2C}.Debug.ActiveCfg = Debug|Win32
		{4AC479E5-B595-4CA6-AD1D-7FB883035B2C}.Debug.Build.0 = Debug|Win32
		{4AC479E5-B595-4CA6-AD1D-7FB883035B2C}.Release.ActiveCfg = Release|Win32
		{4AC479E5-B595-4CA6-AD1D-7FB883035B2C}.Release.Build.0 = Release|Win32
		{EAAE44A3-102D-4B73-B5AE-EA2004E77530}.Debug.ActiveCfg = Debug|Win32
		{EAAE44A3-102D-4B73-B5AE-EA2004E77530}.Debug.Build.0 = Debug|Win32
		{EAAE44A3-102D-4B73-B5AE-EA2004E77530}.Release.ActiveCfg = Release|Win32
		{EAAE44A3-102D-4B73-B5AE-EA2004E77530}.Release.Build.0 = Release|Win32
		{C4568B3B-AB20-4DD7-9D82-C578400648AF}.Debug.ActiveCfg = Debug|Win32
		{C4568B3B-AB20-4DD7-9D82-C578400648AF}.Debug.Build.0 = Debug|Win32
		{C4568B3B-AB20-4DD7-9D82-C578400648AF}.Release.ActiveCfg = Release|Win32
		{C4568B3B-AB20-4DD7-9D82-C578400648AF}.Release.Build.0 = Release|Win32
		{D6F32C4D-B1DE-46BB-9E78-731AB454A46D}.Debug.ActiveCfg = Debug|Win32
		{D6F32C4D-B1DE-46BB-9E78-731AB454A46D}.Debug.Build.0 = Debug|Win32
		{D6F32C4D-B1DE-46BB-9E78-731AB454A46D}.Release.ActiveCfg = Release|Win32
		{D6F32C4D-B1DE-46BB-9E78-731AB454A46D}.Release.Build.0 = Release|Win32
		{D29771DD-715F-452B-B71C-911BACF5956D}.Debug.ActiveCfg = Debug|Win32
		{D29771DD-715F-452B-B71C-911BACF5956D}.Debug.Build.0 = Debug|Win32
		{D29771DD-715F-452B-B71C-911BACF5956D}.Release.ActiveCfg = Release|Win32
		{D29771DD-715F-452B-B71C-911BACF5956D}.Release.Build.0 = Release|Win32
		{5045C412-9A02-460F-A27C-3EBA5C57798C}.Debug.ActiveCfg = Debug|Win32
		{5045C412-9A02-460F-A27C-3EBA5C57798C}.Debug.Build.0 = Debug|Win32
		{5045C412-9A02-460F-A27C-3EBA5C57798C}.Release.ActiveCfg = Release|Win32
		{5045C412-9A02-460F-A27C-3EBA5C57798C}.Release.Build.0 = Release|Win32
		{35DD29FD-EA66-4FBE-A6FE-971C62784572}.Debug.ActiveCfg = Debug|Win32
		{35DD29FD-EA66-4FBE-A6FE-971C62784572}.Debug.Build.0 = Debug|Win32
		{35DD29FD-EA66-4FBE-A6FE-971C62784572}.Release.ActiveCfg = Release|Win32
		{35DD29FD-EA66-4FBE-A6FE-971C62784572}.Release.Build.0 = Release|Win32
		{B19A0B70-61A9-4483-8806-EC4CEA70D837}.Debug.ActiveCfg = Debug|Win32
		{B19A0B70-61A9-4483-8806-EC4CEA70D837}.Debug.Build.0 = Debug|Win32
		{B19A0B70-61A9-4483-8806-EC4CEA70D837}.Release.ActiveCfg = Release|Win32
		{B19A0B70-61A9-4483-8806-EC4CEA70D837}.Release.Build.0 = Release|Win32
		{EB58EBD8-76F0-4C9D-AC47-4B9C3664DE9A}.Debug.ActiveCfg = Debug|Win32
		{EB58EBD8-76F0-4C9D-AC47-4B9C3664DE9A}.Debug.Build.0 = Debug|Win32
		{EB58EBD8-76F0-4C9D-AC47-4B9C3664DE9A}.Release.ActiveCfg = Release|Win32
		{EB58EBD8-76F0-4C9D-AC47-4B9C3664DE9A}.Release.Build.0 = Release|Win32
		{9A05BBE5-7139-44FC-AA91-EC472B7A12B4}.Debug.ActiveCfg = Debug|Win32
		{9A05BBE5-7139-44FC-AA91-EC472B7A12B4}.Debug.Build.0 = Debug|Win32
		{9A05BBE5-7139-44FC-AA91-EC472B7A12B4}.Release.ActiveCfg = Release|Win32
		{9A05BBE5-7139-44FC-AA91-EC472B7A12B4}.Release.Build.0 = Release|Win32
		{E5F5E5F8-882C-4DB1-9A33-503ACF73CAE8}.Debug.ActiveCfg = Debug|Win32
		{E5F5E5F8-882C-4DB1-9A33-503ACF73CAE8}.Debug.Build.0 = Debug|Win32
		{E5F5E5F8-882C-4DB1-9A33-503ACF73CAE8}.Release.ActiveCfg = Release|Win32
		{E5F5E5F8-882C-4DB1-9A33-503ACF73CAE8}.Release.Build.0 = Release|Win32
	EndGlobalSection
	GlobalSection(ExtensibilityGlobals) = postSolution
	EndGlobalSection
	GlobalSection(ExtensibilityAddIns) = postSolution
	EndGlobalSection
EndGlobal
