Microsoft Visual Studio Solution File, Format Version 8.00
Project("{8BC9CEB8-8B4A-11D0-8D11-00A0C91BC942}") = "base", "base.vcproj", "{D29771DD-715F-452B-B71C-911BACF5956D}"
	ProjectSection(ProjectDependencies) = postProject
	EndProjectSection
EndProject
Project("{8BC9CEB8-8B4A-11D0-8D11-00A0C91BC942}") = "input", "input.vcproj", "{1AF3930A-4E72-4455-AFD0-6B78684105CD}"
	ProjectSection(ProjectDependencies) = postProject
	EndProjectSection
EndProject
Project("{8BC9CEB8-8B4A-11D0-8D11-00A0C91BC942}") = "graphics", "graphics.vcproj", "{ECC8FA24-93AC-4659-8EBD-26B6F418AC64}"
	ProjectSection(ProjectDependencies) = postProject
		{D29771DD-715F-452B-B71C-911BACF5956D} = {D29771DD-715F-452B-B71C-911BACF5956D}
	EndProjectSection
EndProject
Project("{8BC9CEB8-8B4A-11D0-8D11-00A0C91BC942}") = "physics", "physics.vcproj", "{1C674F1C-7DDF-4AC5-A52A-14C31248A9D4}"
	ProjectSection(ProjectDependencies) = postProject
	EndProjectSection
EndProject
Project("{8BC9CEB8-8B4A-11D0-8D11-00A0C91BC942}") = "scripting", "scripting.vcproj", "{8A16CDB5-B272-49AD-AF22-B8FD0E5E1A03}"
	ProjectSection(ProjectDependencies) = postProject
	EndProjectSection
EndProject
Project("{8BC9CEB8-8B4A-11D0-8D11-00A0C91BC942}") = "graphicsOGRE", "plugins\graphics\graphicsOgre.vcproj", "{A2C2A0B2-2EB0-4254-891D-FE93466809CF}"
	ProjectSection(ProjectDependencies) = postProject
		{ECC8FA24-93AC-4659-8EBD-26B6F418AC64} = {ECC8FA24-93AC-4659-8EBD-26B6F418AC64}
		{D29771DD-715F-452B-B71C-911BACF5956D} = {D29771DD-715F-452B-B71C-911BACF5956D}
	EndProjectSection
EndProject
Global
	GlobalSection(SolutionConfiguration) = preSolution
		Debug = Debug
		Release = Release
	EndGlobalSection
	GlobalSection(ProjectConfiguration) = postSolution
		{D29771DD-715F-452B-B71C-911BACF5956D}.Debug.ActiveCfg = Debug|Win32
		{D29771DD-715F-452B-B71C-911BACF5956D}.Debug.Build.0 = Debug|Win32
		{D29771DD-715F-452B-B71C-911BACF5956D}.Release.ActiveCfg = Release|Win32
		{D29771DD-715F-452B-B71C-911BACF5956D}.Release.Build.0 = Release|Win32
		{1AF3930A-4E72-4455-AFD0-6B78684105CD}.Debug.ActiveCfg = Debug|Win32
		{1AF3930A-4E72-4455-AFD0-6B78684105CD}.Debug.Build.0 = Debug|Win32
		{1AF3930A-4E72-4455-AFD0-6B78684105CD}.Release.ActiveCfg = Release|Win32
		{1AF3930A-4E72-4455-AFD0-6B78684105CD}.Release.Build.0 = Release|Win32
		{ECC8FA24-93AC-4659-8EBD-26B6F418AC64}.Debug.ActiveCfg = Debug|Win32
		{ECC8FA24-93AC-4659-8EBD-26B6F418AC64}.Debug.Build.0 = Debug|Win32
		{ECC8FA24-93AC-4659-8EBD-26B6F418AC64}.Release.ActiveCfg = Release|Win32
		{ECC8FA24-93AC-4659-8EBD-26B6F418AC64}.Release.Build.0 = Release|Win32
		{1C674F1C-7DDF-4AC5-A52A-14C31248A9D4}.Debug.ActiveCfg = Debug|Win32
		{1C674F1C-7DDF-4AC5-A52A-14C31248A9D4}.Debug.Build.0 = Debug|Win32
		{1C674F1C-7DDF-4AC5-A52A-14C31248A9D4}.Release.ActiveCfg = Release|Win32
		{1C674F1C-7DDF-4AC5-A52A-14C31248A9D4}.Release.Build.0 = Release|Win32
		{8A16CDB5-B272-49AD-AF22-B8FD0E5E1A03}.Debug.ActiveCfg = Debug|Win32
		{8A16CDB5-B272-49AD-AF22-B8FD0E5E1A03}.Debug.Build.0 = Debug|Win32
		{8A16CDB5-B272-49AD-AF22-B8FD0E5E1A03}.Release.ActiveCfg = Release|Win32
		{8A16CDB5-B272-49AD-AF22-B8FD0E5E1A03}.Release.Build.0 = Release|Win32
		{A2C2A0B2-2EB0-4254-891D-FE93466809CF}.Debug.ActiveCfg = Debug|Win32
		{A2C2A0B2-2EB0-4254-891D-FE93466809CF}.Debug.Build.0 = Debug|Win32
		{A2C2A0B2-2EB0-4254-891D-FE93466809CF}.Release.ActiveCfg = Release|Win32
		{A2C2A0B2-2EB0-4254-891D-FE93466809CF}.Release.Build.0 = Release|Win32
	EndGlobalSection
	GlobalSection(ExtensibilityGlobals) = postSolution
	EndGlobalSection
	GlobalSection(ExtensibilityAddIns) = postSolution
	EndGlobalSection
EndGlobal
