<?xml version="1.0"?>
<!DOCTYPE Code::Blocks_project_file>
<Code::Blocks_project_file>
	<FileVersion major="1" minor="1"/>
	<Project>
		<Option title="yakeAudio"/>
		<Option makefile="Makefile"/>
		<Option makefile_is_custom="0"/>
		<Option compiler="0"/>
		<Build>
			<Target title="default">
				<Option output="audio.dll"/>
				<Option working_dir=""/>
				<Option object_output=".objs"/>
				<Option deps_output=".deps"/>
				<Option external_deps=""/>
				<Option type="3"/>
				<Option compiler="0"/>
				<Option createStaticLib="1"/>
			</Target>
		</Build>
		<Compiler>
			<Add option="-fpermissive"/>
			<Add option="-DBUILD_DLL"/>
			<Add directory="..\..\yake"/>
			<Add directory="..\dependencies"/>
			<Add directory="..\dependencies\ttl"/>
		</Compiler>
		<Linker>
			<Add library="F:\dev\yake\scripts_cb\libyakebase.a"/>
		</Linker>
		<Unit filename="..\src\yake\audio\yakeAudio.cpp">
			<Option compilerVar="CPP"/>
			<Option target="default"/>
		</Unit>
		<Unit filename="..\src\yake\audio\yakePCH.cpp">
			<Option compilerVar="CPP"/>
			<Option target="default"/>
		</Unit>
		<Unit filename="..\yake\audio\yakeAudible.h">
			<Option compilerVar=""/>
			<Option compile="0"/>
			<Option link="0"/>
			<Option target="default"/>
		</Unit>
		<Unit filename="..\yake\audio\yakeAudio.h">
			<Option compilerVar=""/>
			<Option compile="0"/>
			<Option link="0"/>
			<Option target="default"/>
		</Unit>
		<Unit filename="..\yake\audio\yakeAudioPrerequisites.h">
			<Option compilerVar=""/>
			<Option compile="0"/>
			<Option link="0"/>
			<Option target="default"/>
		</Unit>
		<Unit filename="..\yake\audio\yakeAudioSystem.h">
			<Option compilerVar=""/>
			<Option compile="0"/>
			<Option link="0"/>
			<Option target="default"/>
		</Unit>
		<Unit filename="..\yake\audio\yakePCH.h">
			<Option compilerVar=""/>
			<Option compile="0"/>
			<Option link="0"/>
			<Option target="default"/>
		</Unit>
	</Project>
</Code::Blocks_project_file>
